// !$*UTF8*$!
{
	archiveVersion = 1;
	classes = {
	};
	objectVersion = 46;
	objects = {

/* Begin PBXBuildFile section */
		57160E2021CB109200D3D255 /* g_particle_system.c in Sources */ = {isa = PBXBuildFile; fileRef = 57160DA121CB109000D3D255 /* g_particle_system.c */; };
		57160E2121CB109200D3D255 /* g_particlesystem.c in Sources */ = {isa = PBXBuildFile; fileRef = 57160DA521CB109000D3D255 /* g_particlesystem.c */; };
		57160E2221CB109200D3D255 /* g_particle_affector.c in Sources */ = {isa = PBXBuildFile; fileRef = 57160DA621CB109000D3D255 /* g_particle_affector.c */; };
		57160E2321CB109200D3D255 /* g_particle.c in Sources */ = {isa = PBXBuildFile; fileRef = 57160DA721CB109000D3D255 /* g_particle.c */; };
		57160E2421CB109200D3D255 /* g_attractor.c in Sources */ = {isa = PBXBuildFile; fileRef = 57160DA821CB109000D3D255 /* g_attractor.c */; };
		57160E2521CB109200D3D255 /* g_particle_presets.c in Sources */ = {isa = PBXBuildFile; fileRef = 57160DA921CB109000D3D255 /* g_particle_presets.c */; };
		57160E2621CB109200D3D255 /* g_particle_emitter.c in Sources */ = {isa = PBXBuildFile; fileRef = 57160DAB21CB109000D3D255 /* g_particle_emitter.c */; };
		57160E2721CB109200D3D255 /* g_behaviors.c in Sources */ = {isa = PBXBuildFile; fileRef = 57160DAC21CB109000D3D255 /* g_behaviors.c */; };
		57160E2821CB109200D3D255 /* g_particle_flock.c in Sources */ = {isa = PBXBuildFile; fileRef = 57160DAD21CB109000D3D255 /* g_particle_flock.c */; };
		57160E2921CB109200D3D255 /* g_drawable.c in Sources */ = {isa = PBXBuildFile; fileRef = 57160DB021CB109000D3D255 /* g_drawable.c */; };
		57160E2A21CB109200D3D255 /* g_jpred.c in Sources */ = {isa = PBXBuildFile; fileRef = 57160DB221CB109000D3D255 /* g_jpred.c */; };
		57160E2B21CB109200D3D255 /* g_dac.c in Sources */ = {isa = PBXBuildFile; fileRef = 57160DB321CB109000D3D255 /* g_dac.c */; };
		57160E2C21CB109200D3D255 /* g_body.c in Sources */ = {isa = PBXBuildFile; fileRef = 57160DB421CB109000D3D255 /* g_body.c */; };
		57160E2D21CB109200D3D255 /* g_look.c in Sources */ = {isa = PBXBuildFile; fileRef = 57160DB921CB109000D3D255 /* g_look.c */; };
		57160E2E21CB109200D3D255 /* g_interact.c in Sources */ = {isa = PBXBuildFile; fileRef = 57160DBA21CB109000D3D255 /* g_interact.c */; };
		57160E2F21CB109200D3D255 /* g_light.c in Sources */ = {isa = PBXBuildFile; fileRef = 57160DBF21CB109000D3D255 /* g_light.c */; };
		57160E3021CB109200D3D255 /* g_background.c in Sources */ = {isa = PBXBuildFile; fileRef = 57160DC121CB109000D3D255 /* g_background.c */; };
		57160E3121CB109200D3D255 /* g_camera.c in Sources */ = {isa = PBXBuildFile; fileRef = 57160DC321CB109000D3D255 /* g_camera.c */; };
		57160E3221CB109200D3D255 /* g_weather.c in Sources */ = {isa = PBXBuildFile; fileRef = 57160DC421CB109000D3D255 /* g_weather.c */; };
		57160E3321CB109200D3D255 /* g_textseq.c in Sources */ = {isa = PBXBuildFile; fileRef = 57160DC621CB109000D3D255 /* g_textseq.c */; };
		57160E3421CB109200D3D255 /* g_water.c in Sources */ = {isa = PBXBuildFile; fileRef = 57160DC821CB109000D3D255 /* g_water.c */; };
		57160E3521CB109200D3D255 /* g_effect.c in Sources */ = {isa = PBXBuildFile; fileRef = 57160DCB21CB109000D3D255 /* g_effect.c */; };
		57160E3621CB109200D3D255 /* g_overlay.c in Sources */ = {isa = PBXBuildFile; fileRef = 57160DCC21CB109000D3D255 /* g_overlay.c */; };
		57160E3721CB109200D3D255 /* g_transform.c in Sources */ = {isa = PBXBuildFile; fileRef = 57160DCF21CB109000D3D255 /* g_transform.c */; };
		57160E3821CB109200D3D255 /* g_npc.c in Sources */ = {isa = PBXBuildFile; fileRef = 57160DD021CB109000D3D255 /* g_npc.c */; };
		57160E3921CB109200D3D255 /* g_dialog.c in Sources */ = {isa = PBXBuildFile; fileRef = 57160DD421CB109000D3D255 /* g_dialog.c */; };
		57160E3A21CB109200D3D255 /* g_map.c in Sources */ = {isa = PBXBuildFile; fileRef = 57160DD621CB109000D3D255 /* g_map.c */; };
		57160E3B21CB109200D3D255 /* g_player.c in Sources */ = {isa = PBXBuildFile; fileRef = 57160DD821CB109000D3D255 /* g_player.c */; };
		57160E3C21CB109200D3D255 /* g_node.c in Sources */ = {isa = PBXBuildFile; fileRef = 57160DDC21CB109000D3D255 /* g_node.c */; };
		57160E3D21CB109200D3D255 /* g_area.c in Sources */ = {isa = PBXBuildFile; fileRef = 57160DDD21CB109000D3D255 /* g_area.c */; };
		57160E3E21CB109200D3D255 /* g_vecfield.c in Sources */ = {isa = PBXBuildFile; fileRef = 57160DDE21CB109000D3D255 /* g_vecfield.c */; };
		57160E3F21CB109200D3D255 /* g_clock.c in Sources */ = {isa = PBXBuildFile; fileRef = 57160DE121CB109000D3D255 /* g_clock.c */; };
		57160E4021CB109200D3D255 /* g_world.c in Sources */ = {isa = PBXBuildFile; fileRef = 57160DE321CB109000D3D255 /* g_world.c */; };
		57160E4121CB109200D3D255 /* g_render_wsh.c in Sources */ = {isa = PBXBuildFile; fileRef = 57160DE521CB109000D3D255 /* g_render_wsh.c */; };
		57160E4221CB109200D3D255 /* g_render.c in Sources */ = {isa = PBXBuildFile; fileRef = 57160DE821CB109000D3D255 /* g_render.c */; };
		57160E4321CB109200D3D255 /* g_sound_eng.c in Sources */ = {isa = PBXBuildFile; fileRef = 57160DEA21CB109100D3D255 /* g_sound_eng.c */; };
		57160E4421CB109200D3D255 /* g_sound.c in Sources */ = {isa = PBXBuildFile; fileRef = 57160DEB21CB109100D3D255 /* g_sound.c */; };
		57160E4521CB109200D3D255 /* g_entity_manager.c in Sources */ = {isa = PBXBuildFile; fileRef = 57160DEF21CB109100D3D255 /* g_entity_manager.c */; };
		57160E4621CB109200D3D255 /* g_game.c in Sources */ = {isa = PBXBuildFile; fileRef = 57160DF021CB109100D3D255 /* g_game.c */; };
		57160E4721CB109200D3D255 /* g_extloader.c in Sources */ = {isa = PBXBuildFile; fileRef = 57160DF121CB109100D3D255 /* g_extloader.c */; };
		57160E4821CB109200D3D255 /* g_property.c in Sources */ = {isa = PBXBuildFile; fileRef = 57160DF621CB109100D3D255 /* g_property.c */; };
		57160E4921CB109200D3D255 /* grdn_physics_space.c in Sources */ = {isa = PBXBuildFile; fileRef = 57160DF821CB109100D3D255 /* grdn_physics_space.c */; };
		57160E4A21CB109200D3D255 /* grdn_physics.c in Sources */ = {isa = PBXBuildFile; fileRef = 57160DF921CB109100D3D255 /* grdn_physics.c */; };
		57160E4B21CB109200D3D255 /* grdn_physics_cloth.c in Sources */ = {isa = PBXBuildFile; fileRef = 57160DFD21CB109100D3D255 /* grdn_physics_cloth.c */; };
		57160E4C21CB109200D3D255 /* g_serial.c in Sources */ = {isa = PBXBuildFile; fileRef = 57160E0121CB109100D3D255 /* g_serial.c */; };
		57160E4D21CB109200D3D255 /* grdn_log.c in Sources */ = {isa = PBXBuildFile; fileRef = 57160E0221CB109100D3D255 /* grdn_log.c */; };
		57160E4E21CB109200D3D255 /* vmap.cpp in Sources */ = {isa = PBXBuildFile; fileRef = 57160E0521CB109100D3D255 /* vmap.cpp */; };
		57160E4F21CB109200D3D255 /* grdn_dialogtree.c in Sources */ = {isa = PBXBuildFile; fileRef = 57160E0721CB109100D3D255 /* grdn_dialogtree.c */; };
		57160E5021CB109200D3D255 /* grdn_dialognode.c in Sources */ = {isa = PBXBuildFile; fileRef = 57160E0821CB109100D3D255 /* grdn_dialognode.c */; };
		57160E5121CB109200D3D255 /* g_story.c in Sources */ = {isa = PBXBuildFile; fileRef = 57160E0D21CB109100D3D255 /* g_story.c */; };
		57160E5221CB109200D3D255 /* grdn_dialog.c in Sources */ = {isa = PBXBuildFile; fileRef = 57160E0E21CB109100D3D255 /* grdn_dialog.c */; };
		57160E5321CB109200D3D255 /* g_think.c in Sources */ = {isa = PBXBuildFile; fileRef = 57160E1121CB109200D3D255 /* g_think.c */; };
		57160E5421CB109200D3D255 /* g_factory.c in Sources */ = {isa = PBXBuildFile; fileRef = 57160E1221CB109200D3D255 /* g_factory.c */; };
		57160E5521CB109200D3D255 /* grdn_action_mgr.c in Sources */ = {isa = PBXBuildFile; fileRef = 57160E1321CB109200D3D255 /* grdn_action_mgr.c */; };
		57160E5621CB109200D3D255 /* grdn_entity_typelibrary.c in Sources */ = {isa = PBXBuildFile; fileRef = 57160E1421CB109200D3D255 /* grdn_entity_typelibrary.c */; };
		57160E5721CB109200D3D255 /* g_sticky.c in Sources */ = {isa = PBXBuildFile; fileRef = 57160E1621CB109200D3D255 /* g_sticky.c */; };
		57160E5821CB109200D3D255 /* grdn_entity_subscriber.c in Sources */ = {isa = PBXBuildFile; fileRef = 57160E1721CB109200D3D255 /* grdn_entity_subscriber.c */; };
		57160E5921CB109200D3D255 /* g_entity.c in Sources */ = {isa = PBXBuildFile; fileRef = 57160E1921CB109200D3D255 /* g_entity.c */; };
		57160E5A21CB109200D3D255 /* g_entsys.c in Sources */ = {isa = PBXBuildFile; fileRef = 57160E1D21CB109200D3D255 /* g_entsys.c */; };
		5716CD0921BEE68E00A798B4 /* grdn.c in Sources */ = {isa = PBXBuildFile; fileRef = 5716CD0821BEE68D00A798B4 /* grdn.c */; };
		572F6F9A1F76F4E30094EB94 /* color_schemes.json in CopyFiles */ = {isa = PBXBuildFile; fileRef = 572F6F991F76F4E30094EB94 /* color_schemes.json */; };
		572F6F9C1F76F4FA0094EB94 /* ruminant-2.ttf in CopyFiles */ = {isa = PBXBuildFile; fileRef = 572F6F9B1F76F4FA0094EB94 /* ruminant-2.ttf */; };
		572F6F9E1F76F5460094EB94 /* ui-icons-v001.wash in CopyFiles */ = {isa = PBXBuildFile; fileRef = 572F6F9D1F76F5450094EB94 /* ui-icons-v001.wash */; };
		57ED6F2322DEB4DA00053E84 /* g_levelgen.c in Sources */ = {isa = PBXBuildFile; fileRef = 57ED6F2222DEB4D900053E84 /* g_levelgen.c */; };
		57ED6F2922DEB55100053E84 /* g_portal.c in Sources */ = {isa = PBXBuildFile; fileRef = 57ED6F2722DEB55000053E84 /* g_portal.c */; };
		57ED6F4422DEB68A00053E84 /* grdn_program.c in Sources */ = {isa = PBXBuildFile; fileRef = 57ED6F3922DEB68A00053E84 /* grdn_program.c */; };
		57ED6F4522DEB68A00053E84 /* grdn_ai_thinker.c in Sources */ = {isa = PBXBuildFile; fileRef = 57ED6F3B22DEB68A00053E84 /* grdn_ai_thinker.c */; };
		57ED6F4622DEB68A00053E84 /* grdn_ai.c in Sources */ = {isa = PBXBuildFile; fileRef = 57ED6F3F22DEB68A00053E84 /* grdn_ai.c */; };
		57ED6F4722DEB68A00053E84 /* grdn_ai_sensor.c in Sources */ = {isa = PBXBuildFile; fileRef = 57ED6F4122DEB68A00053E84 /* grdn_ai_sensor.c */; };
		57ED6F4822DEB68A00053E84 /* grdn_ai_actor.c in Sources */ = {isa = PBXBuildFile; fileRef = 57ED6F4222DEB68A00053E84 /* grdn_ai_actor.c */; };
		57ED6F4922DEB68A00053E84 /* grdn_ai_timer.c in Sources */ = {isa = PBXBuildFile; fileRef = 57ED6F4322DEB68A00053E84 /* grdn_ai_timer.c */; };
		57ED6F4D22DEB6A100053E84 /* grdn_input_connector.c in Sources */ = {isa = PBXBuildFile; fileRef = 57ED6F4C22DEB6A100053E84 /* grdn_input_connector.c */; };
		57ED6F5122DEB6B100053E84 /* grdn_sun.c in Sources */ = {isa = PBXBuildFile; fileRef = 57ED6F5022DEB6B100053E84 /* grdn_sun.c */; };
/* End PBXBuildFile section */

/* Begin PBXCopyFilesBuildPhase section */
		57012D7E1EED5DD400F10594 /* CopyFiles */ = {
			isa = PBXCopyFilesBuildPhase;
			buildActionMask = 2147483647;
			dstPath = "";
			dstSubfolderSpec = 7;
			files = (
				572F6F9E1F76F5460094EB94 /* ui-icons-v001.wash in CopyFiles */,
				572F6F9A1F76F4E30094EB94 /* color_schemes.json in CopyFiles */,
				572F6F9C1F76F4FA0094EB94 /* ruminant-2.ttf in CopyFiles */,
			);
			runOnlyForDeploymentPostprocessing = 0;
		};
/* End PBXCopyFilesBuildPhase section */

/* Begin PBXFileReference section */
		57012D801EED5DD400F10594 /* libgrdn.a */ = {isa = PBXFileReference; explicitFileType = archive.ar; includeInIndex = 0; path = libgrdn.a; sourceTree = BUILT_PRODUCTS_DIR; };
		57160D9D21CB109000D3D255 /* g_attractor.h */ = {isa = PBXFileReference; fileEncoding = 4; lastKnownFileType = sourcecode.c.h; path = g_attractor.h; sourceTree = "<group>"; };
		57160D9E21CB109000D3D255 /* g_particle.h */ = {isa = PBXFileReference; fileEncoding = 4; lastKnownFileType = sourcecode.c.h; path = g_particle.h; sourceTree = "<group>"; };
		57160D9F21CB109000D3D255 /* g_particle_affector.h */ = {isa = PBXFileReference; fileEncoding = 4; lastKnownFileType = sourcecode.c.h; path = g_particle_affector.h; sourceTree = "<group>"; };
		57160DA021CB109000D3D255 /* g_particle_emitter.h */ = {isa = PBXFileReference; fileEncoding = 4; lastKnownFileType = sourcecode.c.h; path = g_particle_emitter.h; sourceTree = "<group>"; };
		57160DA121CB109000D3D255 /* g_particle_system.c */ = {isa = PBXFileReference; fileEncoding = 4; lastKnownFileType = sourcecode.c.c; path = g_particle_system.c; sourceTree = "<group>"; };
		57160DA221CB109000D3D255 /* g_particle_presets.h */ = {isa = PBXFileReference; fileEncoding = 4; lastKnownFileType = sourcecode.c.h; path = g_particle_presets.h; sourceTree = "<group>"; };
		57160DA321CB109000D3D255 /* g_particle_flock.h */ = {isa = PBXFileReference; fileEncoding = 4; lastKnownFileType = sourcecode.c.h; path = g_particle_flock.h; sourceTree = "<group>"; };
		57160DA421CB109000D3D255 /* g_behaviors.h */ = {isa = PBXFileReference; fileEncoding = 4; lastKnownFileType = sourcecode.c.h; path = g_behaviors.h; sourceTree = "<group>"; };
		57160DA521CB109000D3D255 /* g_particlesystem.c */ = {isa = PBXFileReference; fileEncoding = 4; lastKnownFileType = sourcecode.c.c; path = g_particlesystem.c; sourceTree = "<group>"; };
		57160DA621CB109000D3D255 /* g_particle_affector.c */ = {isa = PBXFileReference; fileEncoding = 4; lastKnownFileType = sourcecode.c.c; path = g_particle_affector.c; sourceTree = "<group>"; };
		57160DA721CB109000D3D255 /* g_particle.c */ = {isa = PBXFileReference; fileEncoding = 4; lastKnownFileType = sourcecode.c.c; path = g_particle.c; sourceTree = "<group>"; };
		57160DA821CB109000D3D255 /* g_attractor.c */ = {isa = PBXFileReference; fileEncoding = 4; lastKnownFileType = sourcecode.c.c; path = g_attractor.c; sourceTree = "<group>"; };
		57160DA921CB109000D3D255 /* g_particle_presets.c */ = {isa = PBXFileReference; fileEncoding = 4; lastKnownFileType = sourcecode.c.c; path = g_particle_presets.c; sourceTree = "<group>"; };
		57160DAA21CB109000D3D255 /* g_particle_system.h */ = {isa = PBXFileReference; fileEncoding = 4; lastKnownFileType = sourcecode.c.h; path = g_particle_system.h; sourceTree = "<group>"; };
		57160DAB21CB109000D3D255 /* g_particle_emitter.c */ = {isa = PBXFileReference; fileEncoding = 4; lastKnownFileType = sourcecode.c.c; path = g_particle_emitter.c; sourceTree = "<group>"; };
		57160DAC21CB109000D3D255 /* g_behaviors.c */ = {isa = PBXFileReference; fileEncoding = 4; lastKnownFileType = sourcecode.c.c; path = g_behaviors.c; sourceTree = "<group>"; };
		57160DAD21CB109000D3D255 /* g_particle_flock.c */ = {isa = PBXFileReference; fileEncoding = 4; lastKnownFileType = sourcecode.c.c; path = g_particle_flock.c; sourceTree = "<group>"; };
		57160DAE21CB109000D3D255 /* g_particlesystem.h */ = {isa = PBXFileReference; fileEncoding = 4; lastKnownFileType = sourcecode.c.h; path = g_particlesystem.h; sourceTree = "<group>"; };
		57160DB021CB109000D3D255 /* g_drawable.c */ = {isa = PBXFileReference; fileEncoding = 4; lastKnownFileType = sourcecode.c.c; path = g_drawable.c; sourceTree = "<group>"; };
		57160DB121CB109000D3D255 /* g_body.h */ = {isa = PBXFileReference; fileEncoding = 4; lastKnownFileType = sourcecode.c.h; path = g_body.h; sourceTree = "<group>"; };
		57160DB221CB109000D3D255 /* g_jpred.c */ = {isa = PBXFileReference; fileEncoding = 4; lastKnownFileType = sourcecode.c.c; path = g_jpred.c; sourceTree = "<group>"; };
		57160DB321CB109000D3D255 /* g_dac.c */ = {isa = PBXFileReference; fileEncoding = 4; lastKnownFileType = sourcecode.c.c; path = g_dac.c; sourceTree = "<group>"; };
		57160DB421CB109000D3D255 /* g_body.c */ = {isa = PBXFileReference; fileEncoding = 4; lastKnownFileType = sourcecode.c.c; path = g_body.c; sourceTree = "<group>"; };
		57160DB521CB109000D3D255 /* g_drawable.h */ = {isa = PBXFileReference; fileEncoding = 4; lastKnownFileType = sourcecode.c.h; path = g_drawable.h; sourceTree = "<group>"; };
		57160DB621CB109000D3D255 /* g_jpred.h */ = {isa = PBXFileReference; fileEncoding = 4; lastKnownFileType = sourcecode.c.h; path = g_jpred.h; sourceTree = "<group>"; };
		57160DB721CB109000D3D255 /* g_dac.h */ = {isa = PBXFileReference; fileEncoding = 4; lastKnownFileType = sourcecode.c.h; path = g_dac.h; sourceTree = "<group>"; };
		57160DB921CB109000D3D255 /* g_look.c */ = {isa = PBXFileReference; fileEncoding = 4; lastKnownFileType = sourcecode.c.c; path = g_look.c; sourceTree = "<group>"; };
		57160DBA21CB109000D3D255 /* g_interact.c */ = {isa = PBXFileReference; fileEncoding = 4; lastKnownFileType = sourcecode.c.c; path = g_interact.c; sourceTree = "<group>"; };
		57160DBB21CB109000D3D255 /* g_look.h */ = {isa = PBXFileReference; fileEncoding = 4; lastKnownFileType = sourcecode.c.h; path = g_look.h; sourceTree = "<group>"; };
		57160DBC21CB109000D3D255 /* g_interact.h */ = {isa = PBXFileReference; fileEncoding = 4; lastKnownFileType = sourcecode.c.h; path = g_interact.h; sourceTree = "<group>"; };
		57160DBE21CB109000D3D255 /* g_water.h */ = {isa = PBXFileReference; fileEncoding = 4; lastKnownFileType = sourcecode.c.h; path = g_water.h; sourceTree = "<group>"; };
		57160DBF21CB109000D3D255 /* g_light.c */ = {isa = PBXFileReference; fileEncoding = 4; lastKnownFileType = sourcecode.c.c; path = g_light.c; sourceTree = "<group>"; };
		57160DC021CB109000D3D255 /* g_textseq.h */ = {isa = PBXFileReference; fileEncoding = 4; lastKnownFileType = sourcecode.c.h; path = g_textseq.h; sourceTree = "<group>"; };
		57160DC121CB109000D3D255 /* g_background.c */ = {isa = PBXFileReference; fileEncoding = 4; lastKnownFileType = sourcecode.c.c; path = g_background.c; sourceTree = "<group>"; };
		57160DC221CB109000D3D255 /* g_effect.h */ = {isa = PBXFileReference; fileEncoding = 4; lastKnownFileType = sourcecode.c.h; path = g_effect.h; sourceTree = "<group>"; };
		57160DC321CB109000D3D255 /* g_camera.c */ = {isa = PBXFileReference; fileEncoding = 4; lastKnownFileType = sourcecode.c.c; path = g_camera.c; sourceTree = "<group>"; };
		57160DC421CB109000D3D255 /* g_weather.c */ = {isa = PBXFileReference; fileEncoding = 4; lastKnownFileType = sourcecode.c.c; path = g_weather.c; sourceTree = "<group>"; };
		57160DC521CB109000D3D255 /* g_overlay.h */ = {isa = PBXFileReference; fileEncoding = 4; lastKnownFileType = sourcecode.c.h; path = g_overlay.h; sourceTree = "<group>"; };
		57160DC621CB109000D3D255 /* g_textseq.c */ = {isa = PBXFileReference; fileEncoding = 4; lastKnownFileType = sourcecode.c.c; path = g_textseq.c; sourceTree = "<group>"; };
		57160DC721CB109000D3D255 /* g_light.h */ = {isa = PBXFileReference; fileEncoding = 4; lastKnownFileType = sourcecode.c.h; path = g_light.h; sourceTree = "<group>"; };
		57160DC821CB109000D3D255 /* g_water.c */ = {isa = PBXFileReference; fileEncoding = 4; lastKnownFileType = sourcecode.c.c; path = g_water.c; sourceTree = "<group>"; };
		57160DC921CB109000D3D255 /* g_background.h */ = {isa = PBXFileReference; fileEncoding = 4; lastKnownFileType = sourcecode.c.h; path = g_background.h; sourceTree = "<group>"; };
		57160DCA21CB109000D3D255 /* g_camera.h */ = {isa = PBXFileReference; fileEncoding = 4; lastKnownFileType = sourcecode.c.h; path = g_camera.h; sourceTree = "<group>"; };
		57160DCB21CB109000D3D255 /* g_effect.c */ = {isa = PBXFileReference; fileEncoding = 4; lastKnownFileType = sourcecode.c.c; path = g_effect.c; sourceTree = "<group>"; };
		57160DCC21CB109000D3D255 /* g_overlay.c */ = {isa = PBXFileReference; fileEncoding = 4; lastKnownFileType = sourcecode.c.c; path = g_overlay.c; sourceTree = "<group>"; };
		57160DCD21CB109000D3D255 /* g_weather.h */ = {isa = PBXFileReference; fileEncoding = 4; lastKnownFileType = sourcecode.c.h; path = g_weather.h; sourceTree = "<group>"; };
		57160DCF21CB109000D3D255 /* g_transform.c */ = {isa = PBXFileReference; fileEncoding = 4; lastKnownFileType = sourcecode.c.c; path = g_transform.c; sourceTree = "<group>"; };
		57160DD021CB109000D3D255 /* g_npc.c */ = {isa = PBXFileReference; fileEncoding = 4; lastKnownFileType = sourcecode.c.c; path = g_npc.c; sourceTree = "<group>"; };
		57160DD121CB109000D3D255 /* g_vecfield.h */ = {isa = PBXFileReference; fileEncoding = 4; lastKnownFileType = sourcecode.c.h; path = g_vecfield.h; sourceTree = "<group>"; };
		57160DD221CB109000D3D255 /* g_area.h */ = {isa = PBXFileReference; fileEncoding = 4; lastKnownFileType = sourcecode.c.h; path = g_area.h; sourceTree = "<group>"; };
		57160DD321CB109000D3D255 /* g_node.h */ = {isa = PBXFileReference; fileEncoding = 4; lastKnownFileType = sourcecode.c.h; path = g_node.h; sourceTree = "<group>"; };
		57160DD421CB109000D3D255 /* g_dialog.c */ = {isa = PBXFileReference; fileEncoding = 4; lastKnownFileType = sourcecode.c.c; path = g_dialog.c; sourceTree = "<group>"; };
		57160DD521CB109000D3D255 /* g_clock.h */ = {isa = PBXFileReference; fileEncoding = 4; lastKnownFileType = sourcecode.c.h; path = g_clock.h; sourceTree = "<group>"; };
		57160DD621CB109000D3D255 /* g_map.c */ = {isa = PBXFileReference; fileEncoding = 4; lastKnownFileType = sourcecode.c.c; path = g_map.c; sourceTree = "<group>"; };
		57160DD721CB109000D3D255 /* g_world.h */ = {isa = PBXFileReference; fileEncoding = 4; lastKnownFileType = sourcecode.c.h; path = g_world.h; sourceTree = "<group>"; };
		57160DD821CB109000D3D255 /* g_player.c */ = {isa = PBXFileReference; fileEncoding = 4; lastKnownFileType = sourcecode.c.c; path = g_player.c; sourceTree = "<group>"; };
		57160DD921CB109000D3D255 /* g_transform.h */ = {isa = PBXFileReference; fileEncoding = 4; lastKnownFileType = sourcecode.c.h; path = g_transform.h; sourceTree = "<group>"; };
		57160DDA21CB109000D3D255 /* g_npc.h */ = {isa = PBXFileReference; fileEncoding = 4; lastKnownFileType = sourcecode.c.h; path = g_npc.h; sourceTree = "<group>"; };
		57160DDB21CB109000D3D255 /* g_dialog.h */ = {isa = PBXFileReference; fileEncoding = 4; lastKnownFileType = sourcecode.c.h; path = g_dialog.h; sourceTree = "<group>"; };
		57160DDC21CB109000D3D255 /* g_node.c */ = {isa = PBXFileReference; fileEncoding = 4; lastKnownFileType = sourcecode.c.c; path = g_node.c; sourceTree = "<group>"; };
		57160DDD21CB109000D3D255 /* g_area.c */ = {isa = PBXFileReference; fileEncoding = 4; lastKnownFileType = sourcecode.c.c; path = g_area.c; sourceTree = "<group>"; };
		57160DDE21CB109000D3D255 /* g_vecfield.c */ = {isa = PBXFileReference; fileEncoding = 4; lastKnownFileType = sourcecode.c.c; path = g_vecfield.c; sourceTree = "<group>"; };
		57160DDF21CB109000D3D255 /* g_map.h */ = {isa = PBXFileReference; fileEncoding = 4; lastKnownFileType = sourcecode.c.h; path = g_map.h; sourceTree = "<group>"; };
		57160DE121CB109000D3D255 /* g_clock.c */ = {isa = PBXFileReference; fileEncoding = 4; lastKnownFileType = sourcecode.c.c; path = g_clock.c; sourceTree = "<group>"; };
		57160DE221CB109000D3D255 /* g_player.h */ = {isa = PBXFileReference; fileEncoding = 4; lastKnownFileType = sourcecode.c.h; path = g_player.h; sourceTree = "<group>"; };
		57160DE321CB109000D3D255 /* g_world.c */ = {isa = PBXFileReference; fileEncoding = 4; lastKnownFileType = sourcecode.c.c; path = g_world.c; sourceTree = "<group>"; };
		57160DE521CB109000D3D255 /* g_render_wsh.c */ = {isa = PBXFileReference; fileEncoding = 4; lastKnownFileType = sourcecode.c.c; path = g_render_wsh.c; sourceTree = "<group>"; };
		57160DE621CB109000D3D255 /* g_render.h */ = {isa = PBXFileReference; fileEncoding = 4; lastKnownFileType = sourcecode.c.h; path = g_render.h; sourceTree = "<group>"; };
		57160DE721CB109000D3D255 /* g_render_wsh.h */ = {isa = PBXFileReference; fileEncoding = 4; lastKnownFileType = sourcecode.c.h; path = g_render_wsh.h; sourceTree = "<group>"; };
		57160DE821CB109000D3D255 /* g_render.c */ = {isa = PBXFileReference; fileEncoding = 4; lastKnownFileType = sourcecode.c.c; path = g_render.c; sourceTree = "<group>"; };
		57160DEA21CB109100D3D255 /* g_sound_eng.c */ = {isa = PBXFileReference; fileEncoding = 4; lastKnownFileType = sourcecode.c.c; path = g_sound_eng.c; sourceTree = "<group>"; };
		57160DEB21CB109100D3D255 /* g_sound.c */ = {isa = PBXFileReference; fileEncoding = 4; lastKnownFileType = sourcecode.c.c; path = g_sound.c; sourceTree = "<group>"; };
		57160DEC21CB109100D3D255 /* g_sound_eng.h */ = {isa = PBXFileReference; fileEncoding = 4; lastKnownFileType = sourcecode.c.h; path = g_sound_eng.h; sourceTree = "<group>"; };
		57160DED21CB109100D3D255 /* g_sound.h */ = {isa = PBXFileReference; fileEncoding = 4; lastKnownFileType = sourcecode.c.h; path = g_sound.h; sourceTree = "<group>"; };
		57160DEF21CB109100D3D255 /* g_entity_manager.c */ = {isa = PBXFileReference; fileEncoding = 4; lastKnownFileType = sourcecode.c.c; path = g_entity_manager.c; sourceTree = "<group>"; };
		57160DF021CB109100D3D255 /* g_game.c */ = {isa = PBXFileReference; fileEncoding = 4; lastKnownFileType = sourcecode.c.c; path = g_game.c; sourceTree = "<group>"; };
		57160DF121CB109100D3D255 /* g_extloader.c */ = {isa = PBXFileReference; fileEncoding = 4; lastKnownFileType = sourcecode.c.c; path = g_extloader.c; sourceTree = "<group>"; };
		57160DF221CB109100D3D255 /* g_property.h */ = {isa = PBXFileReference; fileEncoding = 4; lastKnownFileType = sourcecode.c.h; path = g_property.h; sourceTree = "<group>"; };
		57160DF321CB109100D3D255 /* g_entity_manager.h */ = {isa = PBXFileReference; fileEncoding = 4; lastKnownFileType = sourcecode.c.h; path = g_entity_manager.h; sourceTree = "<group>"; };
		57160DF421CB109100D3D255 /* g_extloader.h */ = {isa = PBXFileReference; fileEncoding = 4; lastKnownFileType = sourcecode.c.h; path = g_extloader.h; sourceTree = "<group>"; };
		57160DF521CB109100D3D255 /* g_game.h */ = {isa = PBXFileReference; fileEncoding = 4; lastKnownFileType = sourcecode.c.h; path = g_game.h; sourceTree = "<group>"; };
		57160DF621CB109100D3D255 /* g_property.c */ = {isa = PBXFileReference; fileEncoding = 4; lastKnownFileType = sourcecode.c.c; path = g_property.c; sourceTree = "<group>"; };
		57160DF821CB109100D3D255 /* grdn_physics_space.c */ = {isa = PBXFileReference; fileEncoding = 4; lastKnownFileType = sourcecode.c.c; path = grdn_physics_space.c; sourceTree = "<group>"; };
		57160DF921CB109100D3D255 /* grdn_physics.c */ = {isa = PBXFileReference; fileEncoding = 4; lastKnownFileType = sourcecode.c.c; path = grdn_physics.c; sourceTree = "<group>"; };
		57160DFA21CB109100D3D255 /* grdn_physics_cloth.h */ = {isa = PBXFileReference; fileEncoding = 4; lastKnownFileType = sourcecode.c.h; path = grdn_physics_cloth.h; sourceTree = "<group>"; };
		57160DFB21CB109100D3D255 /* grdn_physics.h */ = {isa = PBXFileReference; fileEncoding = 4; lastKnownFileType = sourcecode.c.h; path = grdn_physics.h; sourceTree = "<group>"; };
		57160DFC21CB109100D3D255 /* grdn_physics_space.h */ = {isa = PBXFileReference; fileEncoding = 4; lastKnownFileType = sourcecode.c.h; path = grdn_physics_space.h; sourceTree = "<group>"; };
		57160DFD21CB109100D3D255 /* grdn_physics_cloth.c */ = {isa = PBXFileReference; fileEncoding = 4; lastKnownFileType = sourcecode.c.c; path = grdn_physics_cloth.c; sourceTree = "<group>"; };
		57160DFF21CB109100D3D255 /* g_serial.h */ = {isa = PBXFileReference; fileEncoding = 4; lastKnownFileType = sourcecode.c.h; path = g_serial.h; sourceTree = "<group>"; };
		57160E0021CB109100D3D255 /* grdn_log.h */ = {isa = PBXFileReference; fileEncoding = 4; lastKnownFileType = sourcecode.c.h; path = grdn_log.h; sourceTree = "<group>"; };
		57160E0121CB109100D3D255 /* g_serial.c */ = {isa = PBXFileReference; fileEncoding = 4; lastKnownFileType = sourcecode.c.c; path = g_serial.c; sourceTree = "<group>"; };
		57160E0221CB109100D3D255 /* grdn_log.c */ = {isa = PBXFileReference; fileEncoding = 4; lastKnownFileType = sourcecode.c.c; path = grdn_log.c; sourceTree = "<group>"; };
		57160E0421CB109100D3D255 /* vmap.h */ = {isa = PBXFileReference; fileEncoding = 4; lastKnownFileType = sourcecode.c.h; path = vmap.h; sourceTree = "<group>"; };
		57160E0521CB109100D3D255 /* vmap.cpp */ = {isa = PBXFileReference; fileEncoding = 4; lastKnownFileType = sourcecode.cpp.cpp; path = vmap.cpp; sourceTree = "<group>"; };
		57160E0721CB109100D3D255 /* grdn_dialogtree.c */ = {isa = PBXFileReference; fileEncoding = 4; lastKnownFileType = sourcecode.c.c; path = grdn_dialogtree.c; sourceTree = "<group>"; };
		57160E0821CB109100D3D255 /* grdn_dialognode.c */ = {isa = PBXFileReference; fileEncoding = 4; lastKnownFileType = sourcecode.c.c; path = grdn_dialognode.c; sourceTree = "<group>"; };
		57160E0921CB109100D3D255 /* grdn_dialog.h */ = {isa = PBXFileReference; fileEncoding = 4; lastKnownFileType = sourcecode.c.h; path = grdn_dialog.h; sourceTree = "<group>"; };
		57160E0A21CB109100D3D255 /* g_story.h */ = {isa = PBXFileReference; fileEncoding = 4; lastKnownFileType = sourcecode.c.h; path = g_story.h; sourceTree = "<group>"; };
		57160E0B21CB109100D3D255 /* grdn_dialognode.h */ = {isa = PBXFileReference; fileEncoding = 4; lastKnownFileType = sourcecode.c.h; path = grdn_dialognode.h; sourceTree = "<group>"; };
		57160E0C21CB109100D3D255 /* grdn_dialogtree.h */ = {isa = PBXFileReference; fileEncoding = 4; lastKnownFileType = sourcecode.c.h; path = grdn_dialogtree.h; sourceTree = "<group>"; };
		57160E0D21CB109100D3D255 /* g_story.c */ = {isa = PBXFileReference; fileEncoding = 4; lastKnownFileType = sourcecode.c.c; path = g_story.c; sourceTree = "<group>"; };
		57160E0E21CB109100D3D255 /* grdn_dialog.c */ = {isa = PBXFileReference; fileEncoding = 4; lastKnownFileType = sourcecode.c.c; path = grdn_dialog.c; sourceTree = "<group>"; };
		57160E1021CB109200D3D255 /* g_entity.h */ = {isa = PBXFileReference; fileEncoding = 4; lastKnownFileType = sourcecode.c.h; path = g_entity.h; sourceTree = "<group>"; };
		57160E1121CB109200D3D255 /* g_think.c */ = {isa = PBXFileReference; fileEncoding = 4; lastKnownFileType = sourcecode.c.c; path = g_think.c; sourceTree = "<group>"; };
		57160E1221CB109200D3D255 /* g_factory.c */ = {isa = PBXFileReference; fileEncoding = 4; lastKnownFileType = sourcecode.c.c; path = g_factory.c; sourceTree = "<group>"; };
		57160E1321CB109200D3D255 /* grdn_action_mgr.c */ = {isa = PBXFileReference; fileEncoding = 4; lastKnownFileType = sourcecode.c.c; path = grdn_action_mgr.c; sourceTree = "<group>"; };
		57160E1421CB109200D3D255 /* grdn_entity_typelibrary.c */ = {isa = PBXFileReference; fileEncoding = 4; lastKnownFileType = sourcecode.c.c; path = grdn_entity_typelibrary.c; sourceTree = "<group>"; };
		57160E1521CB109200D3D255 /* g_entsys.h */ = {isa = PBXFileReference; fileEncoding = 4; lastKnownFileType = sourcecode.c.h; path = g_entsys.h; sourceTree = "<group>"; };
		57160E1621CB109200D3D255 /* g_sticky.c */ = {isa = PBXFileReference; fileEncoding = 4; lastKnownFileType = sourcecode.c.c; path = g_sticky.c; sourceTree = "<group>"; };
		57160E1721CB109200D3D255 /* grdn_entity_subscriber.c */ = {isa = PBXFileReference; fileEncoding = 4; lastKnownFileType = sourcecode.c.c; path = grdn_entity_subscriber.c; sourceTree = "<group>"; };
		57160E1821CB109200D3D255 /* g_think.h */ = {isa = PBXFileReference; fileEncoding = 4; lastKnownFileType = sourcecode.c.h; path = g_think.h; sourceTree = "<group>"; };
		57160E1921CB109200D3D255 /* g_entity.c */ = {isa = PBXFileReference; fileEncoding = 4; lastKnownFileType = sourcecode.c.c; path = g_entity.c; sourceTree = "<group>"; };
		57160E1A21CB109200D3D255 /* g_factory.h */ = {isa = PBXFileReference; fileEncoding = 4; lastKnownFileType = sourcecode.c.h; path = g_factory.h; sourceTree = "<group>"; };
		57160E1B21CB109200D3D255 /* g_sticky.h */ = {isa = PBXFileReference; fileEncoding = 4; lastKnownFileType = sourcecode.c.h; path = g_sticky.h; sourceTree = "<group>"; };
		57160E1C21CB109200D3D255 /* grdn_entity_subscriber.h */ = {isa = PBXFileReference; fileEncoding = 4; lastKnownFileType = sourcecode.c.h; path = grdn_entity_subscriber.h; sourceTree = "<group>"; };
		57160E1D21CB109200D3D255 /* g_entsys.c */ = {isa = PBXFileReference; fileEncoding = 4; lastKnownFileType = sourcecode.c.c; path = g_entsys.c; sourceTree = "<group>"; };
		57160E1E21CB109200D3D255 /* grdn_entity_typelibrary.h */ = {isa = PBXFileReference; fileEncoding = 4; lastKnownFileType = sourcecode.c.h; path = grdn_entity_typelibrary.h; sourceTree = "<group>"; };
		57160E1F21CB109200D3D255 /* grdn_action_mgr.h */ = {isa = PBXFileReference; fileEncoding = 4; lastKnownFileType = sourcecode.c.h; path = grdn_action_mgr.h; sourceTree = "<group>"; };
		5716CD0721BEE68D00A798B4 /* grdn.h */ = {isa = PBXFileReference; fileEncoding = 4; lastKnownFileType = sourcecode.c.h; name = grdn.h; path = ../grdn.h; sourceTree = "<group>"; };
		5716CD0821BEE68D00A798B4 /* grdn.c */ = {isa = PBXFileReference; fileEncoding = 4; lastKnownFileType = sourcecode.c.c; name = grdn.c; path = ../grdn.c; sourceTree = "<group>"; };
		572F6F991F76F4E30094EB94 /* color_schemes.json */ = {isa = PBXFileReference; lastKnownFileType = text.json; name = color_schemes.json; path = ../../../apps/wash/data/json/color_schemes.json; sourceTree = "<group>"; };
		572F6F9B1F76F4FA0094EB94 /* ruminant-2.ttf */ = {isa = PBXFileReference; lastKnownFileType = file; name = "ruminant-2.ttf"; path = "../../../data/common/ttf/ruminant-2.ttf"; sourceTree = "<group>"; };
		572F6F9D1F76F5450094EB94 /* ui-icons-v001.wash */ = {isa = PBXFileReference; lastKnownFileType = text; name = "ui-icons-v001.wash"; path = "../../../apps/wash/data/wash/ui-icons-v001.wash"; sourceTree = "<group>"; };
		57ED6F2122DEB4D900053E84 /* g_levelgen.h */ = {isa = PBXFileReference; fileEncoding = 4; lastKnownFileType = sourcecode.c.h; path = g_levelgen.h; sourceTree = "<group>"; };
		57ED6F2222DEB4D900053E84 /* g_levelgen.c */ = {isa = PBXFileReference; fileEncoding = 4; lastKnownFileType = sourcecode.c.c; path = g_levelgen.c; sourceTree = "<group>"; };
		57ED6F2722DEB55000053E84 /* g_portal.c */ = {isa = PBXFileReference; fileEncoding = 4; lastKnownFileType = sourcecode.c.c; path = g_portal.c; sourceTree = "<group>"; };
		57ED6F2822DEB55100053E84 /* g_portal.h */ = {isa = PBXFileReference; fileEncoding = 4; lastKnownFileType = sourcecode.c.h; path = g_portal.h; sourceTree = "<group>"; };
		57ED6F3822DEB68A00053E84 /* grdn_ai.h */ = {isa = PBXFileReference; fileEncoding = 4; lastKnownFileType = sourcecode.c.h; path = grdn_ai.h; sourceTree = "<group>"; };
		57ED6F3922DEB68A00053E84 /* grdn_program.c */ = {isa = PBXFileReference; fileEncoding = 4; lastKnownFileType = sourcecode.c.c; path = grdn_program.c; sourceTree = "<group>"; };
		57ED6F3A22DEB68A00053E84 /* grdn_ai_sensor.h */ = {isa = PBXFileReference; fileEncoding = 4; lastKnownFileType = sourcecode.c.h; path = grdn_ai_sensor.h; sourceTree = "<group>"; };
		57ED6F3B22DEB68A00053E84 /* grdn_ai_thinker.c */ = {isa = PBXFileReference; fileEncoding = 4; lastKnownFileType = sourcecode.c.c; path = grdn_ai_thinker.c; sourceTree = "<group>"; };
		57ED6F3C22DEB68A00053E84 /* grdn_ai_timer.h */ = {isa = PBXFileReference; fileEncoding = 4; lastKnownFileType = sourcecode.c.h; path = grdn_ai_timer.h; sourceTree = "<group>"; };
		57ED6F3D22DEB68A00053E84 /* grdn_ai_actor.h */ = {isa = PBXFileReference; fileEncoding = 4; lastKnownFileType = sourcecode.c.h; path = grdn_ai_actor.h; sourceTree = "<group>"; };
		57ED6F3E22DEB68A00053E84 /* grdn_program.h */ = {isa = PBXFileReference; fileEncoding = 4; lastKnownFileType = sourcecode.c.h; path = grdn_program.h; sourceTree = "<group>"; };
		57ED6F3F22DEB68A00053E84 /* grdn_ai.c */ = {isa = PBXFileReference; fileEncoding = 4; lastKnownFileType = sourcecode.c.c; path = grdn_ai.c; sourceTree = "<group>"; };
		57ED6F4022DEB68A00053E84 /* grdn_ai_thinker.h */ = {isa = PBXFileReference; fileEncoding = 4; lastKnownFileType = sourcecode.c.h; path = grdn_ai_thinker.h; sourceTree = "<group>"; };
		57ED6F4122DEB68A00053E84 /* grdn_ai_sensor.c */ = {isa = PBXFileReference; fileEncoding = 4; lastKnownFileType = sourcecode.c.c; path = grdn_ai_sensor.c; sourceTree = "<group>"; };
		57ED6F4222DEB68A00053E84 /* grdn_ai_actor.c */ = {isa = PBXFileReference; fileEncoding = 4; lastKnownFileType = sourcecode.c.c; path = grdn_ai_actor.c; sourceTree = "<group>"; };
		57ED6F4322DEB68A00053E84 /* grdn_ai_timer.c */ = {isa = PBXFileReference; fileEncoding = 4; lastKnownFileType = sourcecode.c.c; path = grdn_ai_timer.c; sourceTree = "<group>"; };
		57ED6F4B22DEB6A100053E84 /* grdn_input_connector.h */ = {isa = PBXFileReference; fileEncoding = 4; lastKnownFileType = sourcecode.c.h; path = grdn_input_connector.h; sourceTree = "<group>"; };
		57ED6F4C22DEB6A100053E84 /* grdn_input_connector.c */ = {isa = PBXFileReference; fileEncoding = 4; lastKnownFileType = sourcecode.c.c; path = grdn_input_connector.c; sourceTree = "<group>"; };
		57ED6F4F22DEB6B100053E84 /* grdn_sun.h */ = {isa = PBXFileReference; fileEncoding = 4; lastKnownFileType = sourcecode.c.h; path = grdn_sun.h; sourceTree = "<group>"; };
		57ED6F5022DEB6B100053E84 /* grdn_sun.c */ = {isa = PBXFileReference; fileEncoding = 4; lastKnownFileType = sourcecode.c.c; path = grdn_sun.c; sourceTree = "<group>"; };
/* End PBXFileReference section */

/* Begin PBXFrameworksBuildPhase section */
		57012D7D1EED5DD400F10594 /* Frameworks */ = {
			isa = PBXFrameworksBuildPhase;
			buildActionMask = 2147483647;
			files = (
			);
			runOnlyForDeploymentPostprocessing = 0;
		};
/* End PBXFrameworksBuildPhase section */

/* Begin PBXGroup section */
		57012D771EED5DD400F10594 = {
			isa = PBXGroup;
			children = (
				5722FD5421B0C8D3002865A8 /* src */,
				572F6F9D1F76F5450094EB94 /* ui-icons-v001.wash */,
				572F6F9B1F76F4FA0094EB94 /* ruminant-2.ttf */,
				572F6F991F76F4E30094EB94 /* color_schemes.json */,
				57012D811EED5DD400F10594 /* Products */,
			);
			sourceTree = "<group>";
		};
		57012D811EED5DD400F10594 /* Products */ = {
			isa = PBXGroup;
			children = (
				57012D801EED5DD400F10594 /* libgrdn.a */,
			);
			name = Products;
			sourceTree = "<group>";
		};
		57160D9C21CB109000D3D255 /* particle */ = {
			isa = PBXGroup;
			children = (
				57160D9D21CB109000D3D255 /* g_attractor.h */,
				57160D9E21CB109000D3D255 /* g_particle.h */,
				57160D9F21CB109000D3D255 /* g_particle_affector.h */,
				57160DA021CB109000D3D255 /* g_particle_emitter.h */,
				57160DA121CB109000D3D255 /* g_particle_system.c */,
				57160DA221CB109000D3D255 /* g_particle_presets.h */,
				57160DA321CB109000D3D255 /* g_particle_flock.h */,
				57160DA421CB109000D3D255 /* g_behaviors.h */,
				57160DA521CB109000D3D255 /* g_particlesystem.c */,
				57160DA621CB109000D3D255 /* g_particle_affector.c */,
				57160DA721CB109000D3D255 /* g_particle.c */,
				57160DA821CB109000D3D255 /* g_attractor.c */,
				57160DA921CB109000D3D255 /* g_particle_presets.c */,
				57160DAA21CB109000D3D255 /* g_particle_system.h */,
				57160DAB21CB109000D3D255 /* g_particle_emitter.c */,
				57160DAC21CB109000D3D255 /* g_behaviors.c */,
				57160DAD21CB109000D3D255 /* g_particle_flock.c */,
				57160DAE21CB109000D3D255 /* g_particlesystem.h */,
			);
			path = particle;
			sourceTree = "<group>";
		};
		57160DAF21CB109000D3D255 /* comp */ = {
			isa = PBXGroup;
			children = (
				57160DB021CB109000D3D255 /* g_drawable.c */,
				57160DB121CB109000D3D255 /* g_body.h */,
				57160DB221CB109000D3D255 /* g_jpred.c */,
				57160DB321CB109000D3D255 /* g_dac.c */,
				57160DB421CB109000D3D255 /* g_body.c */,
				57160DB521CB109000D3D255 /* g_drawable.h */,
				57160DB621CB109000D3D255 /* g_jpred.h */,
				57160DB721CB109000D3D255 /* g_dac.h */,
			);
			path = comp;
			sourceTree = "<group>";
		};
		57160DB821CB109000D3D255 /* interact */ = {
			isa = PBXGroup;
			children = (
				57160DB921CB109000D3D255 /* g_look.c */,
				57160DBA21CB109000D3D255 /* g_interact.c */,
				57160DBB21CB109000D3D255 /* g_look.h */,
				57160DBC21CB109000D3D255 /* g_interact.h */,
			);
			path = interact;
			sourceTree = "<group>";
		};
		57160DBD21CB109000D3D255 /* scene */ = {
			isa = PBXGroup;
			children = (
				57160DBE21CB109000D3D255 /* g_water.h */,
				57160DBF21CB109000D3D255 /* g_light.c */,
				57160DC021CB109000D3D255 /* g_textseq.h */,
				57160DC121CB109000D3D255 /* g_background.c */,
				57160DC221CB109000D3D255 /* g_effect.h */,
				57160DC321CB109000D3D255 /* g_camera.c */,
				57160DC421CB109000D3D255 /* g_weather.c */,
				57160DC521CB109000D3D255 /* g_overlay.h */,
				57160DC621CB109000D3D255 /* g_textseq.c */,
				57160DC721CB109000D3D255 /* g_light.h */,
				57160DC821CB109000D3D255 /* g_water.c */,
				57160DC921CB109000D3D255 /* g_background.h */,
				57160DCA21CB109000D3D255 /* g_camera.h */,
				57160DCB21CB109000D3D255 /* g_effect.c */,
				57160DCC21CB109000D3D255 /* g_overlay.c */,
				57160DCD21CB109000D3D255 /* g_weather.h */,
			);
			path = scene;
			sourceTree = "<group>";
		};
		57160DCE21CB109000D3D255 /* env */ = {
			isa = PBXGroup;
			children = (
				57160DDD21CB109000D3D255 /* g_area.c */,
				57160DD221CB109000D3D255 /* g_area.h */,
				57160DE121CB109000D3D255 /* g_clock.c */,
				57160DD521CB109000D3D255 /* g_clock.h */,
				57160DD421CB109000D3D255 /* g_dialog.c */,
				57160DDB21CB109000D3D255 /* g_dialog.h */,
				57ED6F2222DEB4D900053E84 /* g_levelgen.c */,
				57ED6F2122DEB4D900053E84 /* g_levelgen.h */,
				57ED6F2722DEB55000053E84 /* g_portal.c */,
				57ED6F2822DEB55100053E84 /* g_portal.h */,
				57160DD621CB109000D3D255 /* g_map.c */,
				57160DDF21CB109000D3D255 /* g_map.h */,
				57160DDC21CB109000D3D255 /* g_node.c */,
				57160DD321CB109000D3D255 /* g_node.h */,
				57160DD021CB109000D3D255 /* g_npc.c */,
				57160DDA21CB109000D3D255 /* g_npc.h */,
				57160DD821CB109000D3D255 /* g_player.c */,
				57160DE221CB109000D3D255 /* g_player.h */,
				57160DCF21CB109000D3D255 /* g_transform.c */,
				57160DD921CB109000D3D255 /* g_transform.h */,
				57160DDE21CB109000D3D255 /* g_vecfield.c */,
				57160DD121CB109000D3D255 /* g_vecfield.h */,
				57160DE321CB109000D3D255 /* g_world.c */,
				57160DD721CB109000D3D255 /* g_world.h */,
			);
			path = env;
			sourceTree = "<group>";
		};
		57160DE421CB109000D3D255 /* render */ = {
			isa = PBXGroup;
			children = (
				57160DE521CB109000D3D255 /* g_render_wsh.c */,
				57160DE621CB109000D3D255 /* g_render.h */,
				57160DE721CB109000D3D255 /* g_render_wsh.h */,
				57160DE821CB109000D3D255 /* g_render.c */,
			);
			path = render;
			sourceTree = "<group>";
		};
		57160DE921CB109100D3D255 /* sound */ = {
			isa = PBXGroup;
			children = (
				57160DEA21CB109100D3D255 /* g_sound_eng.c */,
				57160DEB21CB109100D3D255 /* g_sound.c */,
				57160DEC21CB109100D3D255 /* g_sound_eng.h */,
				57160DED21CB109100D3D255 /* g_sound.h */,
			);
			path = sound;
			sourceTree = "<group>";
		};
		57160DEE21CB109100D3D255 /* core */ = {
			isa = PBXGroup;
			children = (
				57160DEF21CB109100D3D255 /* g_entity_manager.c */,
				57160DF021CB109100D3D255 /* g_game.c */,
				57160DF121CB109100D3D255 /* g_extloader.c */,
				57160DF221CB109100D3D255 /* g_property.h */,
				57160DF321CB109100D3D255 /* g_entity_manager.h */,
				57160DF421CB109100D3D255 /* g_extloader.h */,
				57160DF521CB109100D3D255 /* g_game.h */,
				57160DF621CB109100D3D255 /* g_property.c */,
			);
			path = core;
			sourceTree = "<group>";
		};
		57160DF721CB109100D3D255 /* physics */ = {
			isa = PBXGroup;
			children = (
				57160DF821CB109100D3D255 /* grdn_physics_space.c */,
				57160DF921CB109100D3D255 /* grdn_physics.c */,
				57160DFA21CB109100D3D255 /* grdn_physics_cloth.h */,
				57160DFB21CB109100D3D255 /* grdn_physics.h */,
				57160DFC21CB109100D3D255 /* grdn_physics_space.h */,
				57160DFD21CB109100D3D255 /* grdn_physics_cloth.c */,
			);
			path = physics;
			sourceTree = "<group>";
		};
		57160DFE21CB109100D3D255 /* util */ = {
			isa = PBXGroup;
			children = (
				57160DFF21CB109100D3D255 /* g_serial.h */,
				57160E0021CB109100D3D255 /* grdn_log.h */,
				57160E0121CB109100D3D255 /* g_serial.c */,
				57160E0221CB109100D3D255 /* grdn_log.c */,
			);
			path = util;
			sourceTree = "<group>";
		};
		57160E0321CB109100D3D255 /* lang */ = {
			isa = PBXGroup;
			children = (
				57160E0421CB109100D3D255 /* vmap.h */,
				57160E0521CB109100D3D255 /* vmap.cpp */,
			);
			path = lang;
			sourceTree = "<group>";
		};
		57160E0621CB109100D3D255 /* story */ = {
			isa = PBXGroup;
			children = (
				57160E0721CB109100D3D255 /* grdn_dialogtree.c */,
				57160E0821CB109100D3D255 /* grdn_dialognode.c */,
				57160E0921CB109100D3D255 /* grdn_dialog.h */,
				57160E0A21CB109100D3D255 /* g_story.h */,
				57160E0B21CB109100D3D255 /* grdn_dialognode.h */,
				57160E0C21CB109100D3D255 /* grdn_dialogtree.h */,
				57160E0D21CB109100D3D255 /* g_story.c */,
				57160E0E21CB109100D3D255 /* grdn_dialog.c */,
			);
			path = story;
			sourceTree = "<group>";
		};
		57160E0F21CB109200D3D255 /* ent */ = {
			isa = PBXGroup;
			children = (
				57160E1021CB109200D3D255 /* g_entity.h */,
				57160E1121CB109200D3D255 /* g_think.c */,
				57160E1221CB109200D3D255 /* g_factory.c */,
				57160E1321CB109200D3D255 /* grdn_action_mgr.c */,
				57160E1421CB109200D3D255 /* grdn_entity_typelibrary.c */,
				57160E1521CB109200D3D255 /* g_entsys.h */,
				57160E1621CB109200D3D255 /* g_sticky.c */,
				57160E1721CB109200D3D255 /* grdn_entity_subscriber.c */,
				57160E1821CB109200D3D255 /* g_think.h */,
				57160E1921CB109200D3D255 /* g_entity.c */,
				57160E1A21CB109200D3D255 /* g_factory.h */,
				57160E1B21CB109200D3D255 /* g_sticky.h */,
				57160E1C21CB109200D3D255 /* grdn_entity_subscriber.h */,
				57160E1D21CB109200D3D255 /* g_entsys.c */,
				57160E1E21CB109200D3D255 /* grdn_entity_typelibrary.h */,
				57160E1F21CB109200D3D255 /* grdn_action_mgr.h */,
			);
			path = ent;
			sourceTree = "<group>";
		};
		5722FD5421B0C8D3002865A8 /* src */ = {
			isa = PBXGroup;
			children = (
				57ED6F3722DEB68A00053E84 /* ai */,
				5716CD0821BEE68D00A798B4 /* grdn.c */,
				5716CD0721BEE68D00A798B4 /* grdn.h */,
				57160DAF21CB109000D3D255 /* comp */,
				57160DEE21CB109100D3D255 /* core */,
				57160E0F21CB109200D3D255 /* ent */,
				57ED6F4A22DEB6A100053E84 /* input */,
				57ED6F4E22DEB6B100053E84 /* sim */,
				57160DCE21CB109000D3D255 /* env */,
				57160DB821CB109000D3D255 /* interact */,
				57160E0321CB109100D3D255 /* lang */,
				57160D9C21CB109000D3D255 /* particle */,
				57160DF721CB109100D3D255 /* physics */,
				57160DE421CB109000D3D255 /* render */,
				57160DBD21CB109000D3D255 /* scene */,
				57160DE921CB109100D3D255 /* sound */,
				57160E0621CB109100D3D255 /* story */,
				57160DFE21CB109100D3D255 /* util */,
			);
			name = src;
			path = ../src;
			sourceTree = "<group>";
		};
		57ED6F3722DEB68A00053E84 /* ai */ = {
			isa = PBXGroup;
			children = (
				57ED6F3822DEB68A00053E84 /* grdn_ai.h */,
				57ED6F3922DEB68A00053E84 /* grdn_program.c */,
				57ED6F3A22DEB68A00053E84 /* grdn_ai_sensor.h */,
				57ED6F3B22DEB68A00053E84 /* grdn_ai_thinker.c */,
				57ED6F3C22DEB68A00053E84 /* grdn_ai_timer.h */,
				57ED6F3D22DEB68A00053E84 /* grdn_ai_actor.h */,
				57ED6F3E22DEB68A00053E84 /* grdn_program.h */,
				57ED6F3F22DEB68A00053E84 /* grdn_ai.c */,
				57ED6F4022DEB68A00053E84 /* grdn_ai_thinker.h */,
				57ED6F4122DEB68A00053E84 /* grdn_ai_sensor.c */,
				57ED6F4222DEB68A00053E84 /* grdn_ai_actor.c */,
				57ED6F4322DEB68A00053E84 /* grdn_ai_timer.c */,
			);
			path = ai;
			sourceTree = "<group>";
		};
		57ED6F4A22DEB6A100053E84 /* input */ = {
			isa = PBXGroup;
			children = (
				57ED6F4B22DEB6A100053E84 /* grdn_input_connector.h */,
				57ED6F4C22DEB6A100053E84 /* grdn_input_connector.c */,
			);
			path = input;
			sourceTree = "<group>";
		};
		57ED6F4E22DEB6B100053E84 /* sim */ = {
			isa = PBXGroup;
			children = (
				57ED6F4F22DEB6B100053E84 /* grdn_sun.h */,
				57ED6F5022DEB6B100053E84 /* grdn_sun.c */,
			);
			path = sim;
			sourceTree = "<group>";
		};
/* End PBXGroup section */

/* Begin PBXNativeTarget section */
		57012D7F1EED5DD400F10594 /* grdn-ios */ = {
			isa = PBXNativeTarget;
			buildConfigurationList = 57012D891EED5DD400F10594 /* Build configuration list for PBXNativeTarget "grdn-ios" */;
			buildPhases = (
				57012D7C1EED5DD400F10594 /* Sources */,
				57012D7D1EED5DD400F10594 /* Frameworks */,
				57012D7E1EED5DD400F10594 /* CopyFiles */,
			);
			buildRules = (
			);
			dependencies = (
			);
			name = "grdn-ios";
			productName = "grdn-ios";
			productReference = 57012D801EED5DD400F10594 /* libgrdn.a */;
			productType = "com.apple.product-type.library.static";
		};
/* End PBXNativeTarget section */

/* Begin PBXProject section */
		57012D781EED5DD400F10594 /* Project object */ = {
			isa = PBXProject;
			attributes = {
				LastUpgradeCheck = 1020;
				ORGANIZATIONNAME = ruminant;
				TargetAttributes = {
					57012D7F1EED5DD400F10594 = {
						CreatedOnToolsVersion = 8.3.2;
						DevelopmentTeam = YZJZ9TNW24;
						ProvisioningStyle = Automatic;
					};
				};
			};
			buildConfigurationList = 57012D7B1EED5DD400F10594 /* Build configuration list for PBXProject "grdn-ios" */;
			compatibilityVersion = "Xcode 3.2";
			developmentRegion = en;
			hasScannedForEncodings = 0;
			knownRegions = (
				en,
				Base,
			);
			mainGroup = 57012D771EED5DD400F10594;
			productRefGroup = 57012D811EED5DD400F10594 /* Products */;
			projectDirPath = "";
			projectRoot = "";
			targets = (
				57012D7F1EED5DD400F10594 /* grdn-ios */,
			);
		};
/* End PBXProject section */

/* Begin PBXSourcesBuildPhase section */
		57012D7C1EED5DD400F10594 /* Sources */ = {
			isa = PBXSourcesBuildPhase;
			buildActionMask = 2147483647;
			files = (
				57160E3521CB109200D3D255 /* g_effect.c in Sources */,
				57160E5121CB109200D3D255 /* g_story.c in Sources */,
				57160E2621CB109200D3D255 /* g_particle_emitter.c in Sources */,
				57160E4F21CB109200D3D255 /* grdn_dialogtree.c in Sources */,
				57160E4021CB109200D3D255 /* g_world.c in Sources */,
				57160E3921CB109200D3D255 /* g_dialog.c in Sources */,
				57160E4A21CB109200D3D255 /* grdn_physics.c in Sources */,
				57160E2A21CB109200D3D255 /* g_jpred.c in Sources */,
				57160E2421CB109200D3D255 /* g_attractor.c in Sources */,
				57ED6F2922DEB55100053E84 /* g_portal.c in Sources */,
				57ED6F4522DEB68A00053E84 /* grdn_ai_thinker.c in Sources */,
				57ED6F4D22DEB6A100053E84 /* grdn_input_connector.c in Sources */,
				57160E4521CB109200D3D255 /* g_entity_manager.c in Sources */,
				57160E3E21CB109200D3D255 /* g_vecfield.c in Sources */,
				57160E3021CB109200D3D255 /* g_background.c in Sources */,
				57160E4D21CB109200D3D255 /* grdn_log.c in Sources */,
				57160E2121CB109200D3D255 /* g_particlesystem.c in Sources */,
				57160E3D21CB109200D3D255 /* g_area.c in Sources */,
				57160E5821CB109200D3D255 /* grdn_entity_subscriber.c in Sources */,
				57160E4121CB109200D3D255 /* g_render_wsh.c in Sources */,
				57160E4321CB109200D3D255 /* g_sound_eng.c in Sources */,
				57ED6F4922DEB68A00053E84 /* grdn_ai_timer.c in Sources */,
				57ED6F2322DEB4DA00053E84 /* g_levelgen.c in Sources */,
				57160E5721CB109200D3D255 /* g_sticky.c in Sources */,
				57160E2221CB109200D3D255 /* g_particle_affector.c in Sources */,
				57160E4B21CB109200D3D255 /* grdn_physics_cloth.c in Sources */,
				57ED6F4422DEB68A00053E84 /* grdn_program.c in Sources */,
				57160E5021CB109200D3D255 /* grdn_dialognode.c in Sources */,
				57160E3A21CB109200D3D255 /* g_map.c in Sources */,
				57160E4221CB109200D3D255 /* g_render.c in Sources */,
				57160E3321CB109200D3D255 /* g_textseq.c in Sources */,
				57160E5621CB109200D3D255 /* grdn_entity_typelibrary.c in Sources */,
				57160E4621CB109200D3D255 /* g_game.c in Sources */,
				57160E3421CB109200D3D255 /* g_water.c in Sources */,
				57160E4421CB109200D3D255 /* g_sound.c in Sources */,
				57ED6F5122DEB6B100053E84 /* grdn_sun.c in Sources */,
				57160E2321CB109200D3D255 /* g_particle.c in Sources */,
				57160E2B21CB109200D3D255 /* g_dac.c in Sources */,
				57160E3C21CB109200D3D255 /* g_node.c in Sources */,
				57ED6F4622DEB68A00053E84 /* grdn_ai.c in Sources */,
				57160E3121CB109200D3D255 /* g_camera.c in Sources */,
				57160E4821CB109200D3D255 /* g_property.c in Sources */,
				57160E5921CB109200D3D255 /* g_entity.c in Sources */,
				57160E3B21CB109200D3D255 /* g_player.c in Sources */,
				57160E4E21CB109200D3D255 /* vmap.cpp in Sources */,
				57160E5321CB109200D3D255 /* g_think.c in Sources */,
				57160E4921CB109200D3D255 /* grdn_physics_space.c in Sources */,
				57160E3621CB109200D3D255 /* g_overlay.c in Sources */,
				57160E5421CB109200D3D255 /* g_factory.c in Sources */,
				57160E3721CB109200D3D255 /* g_transform.c in Sources */,
				57160E2821CB109200D3D255 /* g_particle_flock.c in Sources */,
				57160E2F21CB109200D3D255 /* g_light.c in Sources */,
				57160E3F21CB109200D3D255 /* g_clock.c in Sources */,
				57160E2521CB109200D3D255 /* g_particle_presets.c in Sources */,
				57160E5221CB109200D3D255 /* grdn_dialog.c in Sources */,
				57160E3821CB109200D3D255 /* g_npc.c in Sources */,
				57160E2C21CB109200D3D255 /* g_body.c in Sources */,
				57ED6F4722DEB68A00053E84 /* grdn_ai_sensor.c in Sources */,
				57160E2021CB109200D3D255 /* g_particle_system.c in Sources */,
				57160E5521CB109200D3D255 /* grdn_action_mgr.c in Sources */,
				57160E5A21CB109200D3D255 /* g_entsys.c in Sources */,
				57160E3221CB109200D3D255 /* g_weather.c in Sources */,
				57160E4C21CB109200D3D255 /* g_serial.c in Sources */,
				57160E2921CB109200D3D255 /* g_drawable.c in Sources */,
				57160E2D21CB109200D3D255 /* g_look.c in Sources */,
				57160E4721CB109200D3D255 /* g_extloader.c in Sources */,
				57160E2E21CB109200D3D255 /* g_interact.c in Sources */,
				5716CD0921BEE68E00A798B4 /* grdn.c in Sources */,
				57ED6F4822DEB68A00053E84 /* grdn_ai_actor.c in Sources */,
				57160E2721CB109200D3D255 /* g_behaviors.c in Sources */,
			);
			runOnlyForDeploymentPostprocessing = 0;
		};
/* End PBXSourcesBuildPhase section */

/* Begin XCBuildConfiguration section */
		57012D871EED5DD400F10594 /* Debug */ = {
			isa = XCBuildConfiguration;
			buildSettings = {
				ALWAYS_SEARCH_USER_PATHS = NO;
				CLANG_ANALYZER_LOCALIZABILITY_NONLOCALIZED = YES;
				CLANG_ANALYZER_NONNULL = YES;
				CLANG_ANALYZER_NUMBER_OBJECT_CONVERSION = YES_AGGRESSIVE;
				CLANG_CXX_LANGUAGE_STANDARD = "gnu++0x";
				CLANG_CXX_LIBRARY = "libc++";
				CLANG_ENABLE_MODULES = YES;
				CLANG_ENABLE_OBJC_ARC = YES;
				CLANG_WARN_BLOCK_CAPTURE_AUTORELEASING = YES;
				CLANG_WARN_BOOL_CONVERSION = YES;
				CLANG_WARN_COMMA = YES;
				CLANG_WARN_CONSTANT_CONVERSION = YES;
				CLANG_WARN_DEPRECATED_OBJC_IMPLEMENTATIONS = YES;
				CLANG_WARN_DIRECT_OBJC_ISA_USAGE = YES_ERROR;
				CLANG_WARN_DOCUMENTATION_COMMENTS = YES;
				CLANG_WARN_EMPTY_BODY = YES;
				CLANG_WARN_ENUM_CONVERSION = YES;
				CLANG_WARN_INFINITE_RECURSION = YES;
				CLANG_WARN_INT_CONVERSION = YES;
				CLANG_WARN_NON_LITERAL_NULL_CONVERSION = YES;
				CLANG_WARN_OBJC_IMPLICIT_RETAIN_SELF = YES;
				CLANG_WARN_OBJC_LITERAL_CONVERSION = YES;
				CLANG_WARN_OBJC_ROOT_CLASS = YES_ERROR;
				CLANG_WARN_RANGE_LOOP_ANALYSIS = YES;
				CLANG_WARN_STRICT_PROTOTYPES = YES;
				CLANG_WARN_SUSPICIOUS_MOVE = YES;
				CLANG_WARN_UNREACHABLE_CODE = YES;
				CLANG_WARN__DUPLICATE_METHOD_MATCH = YES;
				"CODE_SIGN_IDENTITY[sdk=iphoneos*]" = "iPhone Developer";
				COPY_PHASE_STRIP = NO;
				DEBUG_INFORMATION_FORMAT = dwarf;
				ENABLE_STRICT_OBJC_MSGSEND = YES;
				ENABLE_TESTABILITY = YES;
				GCC_C_LANGUAGE_STANDARD = gnu99;
				GCC_DYNAMIC_NO_PIC = NO;
				GCC_NO_COMMON_BLOCKS = YES;
				GCC_OPTIMIZATION_LEVEL = 0;
				GCC_PREPROCESSOR_DEFINITIONS = (
					"DEBUG=1",
					"$(inherited)",
				);
				GCC_WARN_64_TO_32_BIT_CONVERSION = YES;
				GCC_WARN_ABOUT_RETURN_TYPE = YES_ERROR;
				GCC_WARN_UNDECLARED_SELECTOR = YES;
				GCC_WARN_UNINITIALIZED_AUTOS = YES_AGGRESSIVE;
				GCC_WARN_UNUSED_FUNCTION = YES;
				GCC_WARN_UNUSED_VARIABLE = YES;
				HEADER_SEARCH_PATHS = (
					"$(r4_root)/contrib",
					"$(r4_root)/contrib/include",
				);
				IPHONEOS_DEPLOYMENT_TARGET = 8.0;
				MTL_ENABLE_DEBUG_INFO = YES;
				ONLY_ACTIVE_ARCH = YES;
				SDKROOT = iphoneos;
				r4_root = "$(HOME)/art/r4";
			};
			name = Debug;
		};
		57012D881EED5DD400F10594 /* Release */ = {
			isa = XCBuildConfiguration;
			buildSettings = {
				ALWAYS_SEARCH_USER_PATHS = NO;
				CLANG_ANALYZER_LOCALIZABILITY_NONLOCALIZED = YES;
				CLANG_ANALYZER_NONNULL = YES;
				CLANG_ANALYZER_NUMBER_OBJECT_CONVERSION = YES_AGGRESSIVE;
				CLANG_CXX_LANGUAGE_STANDARD = "gnu++0x";
				CLANG_CXX_LIBRARY = "libc++";
				CLANG_ENABLE_MODULES = YES;
				CLANG_ENABLE_OBJC_ARC = YES;
				CLANG_WARN_BLOCK_CAPTURE_AUTORELEASING = YES;
				CLANG_WARN_BOOL_CONVERSION = YES;
				CLANG_WARN_COMMA = YES;
				CLANG_WARN_CONSTANT_CONVERSION = YES;
				CLANG_WARN_DEPRECATED_OBJC_IMPLEMENTATIONS = YES;
				CLANG_WARN_DIRECT_OBJC_ISA_USAGE = YES_ERROR;
				CLANG_WARN_DOCUMENTATION_COMMENTS = YES;
				CLANG_WARN_EMPTY_BODY = YES;
				CLANG_WARN_ENUM_CONVERSION = YES;
				CLANG_WARN_INFINITE_RECURSION = YES;
				CLANG_WARN_INT_CONVERSION = YES;
				CLANG_WARN_NON_LITERAL_NULL_CONVERSION = YES;
				CLANG_WARN_OBJC_IMPLICIT_RETAIN_SELF = YES;
				CLANG_WARN_OBJC_LITERAL_CONVERSION = YES;
				CLANG_WARN_OBJC_ROOT_CLASS = YES_ERROR;
				CLANG_WARN_RANGE_LOOP_ANALYSIS = YES;
				CLANG_WARN_STRICT_PROTOTYPES = YES;
				CLANG_WARN_SUSPICIOUS_MOVE = YES;
				CLANG_WARN_UNREACHABLE_CODE = YES;
				CLANG_WARN__DUPLICATE_METHOD_MATCH = YES;
				"CODE_SIGN_IDENTITY[sdk=iphoneos*]" = "iPhone Developer";
				COPY_PHASE_STRIP = NO;
				DEBUG_INFORMATION_FORMAT = "dwarf-with-dsym";
				ENABLE_NS_ASSERTIONS = NO;
				ENABLE_STRICT_OBJC_MSGSEND = YES;
				GCC_C_LANGUAGE_STANDARD = gnu99;
				GCC_NO_COMMON_BLOCKS = YES;
				GCC_WARN_64_TO_32_BIT_CONVERSION = YES;
				GCC_WARN_ABOUT_RETURN_TYPE = YES_ERROR;
				GCC_WARN_UNDECLARED_SELECTOR = YES;
				GCC_WARN_UNINITIALIZED_AUTOS = YES_AGGRESSIVE;
				GCC_WARN_UNUSED_FUNCTION = YES;
				GCC_WARN_UNUSED_VARIABLE = YES;
				HEADER_SEARCH_PATHS = (
					"$(r4_root)/contrib",
					"$(r4_root)/contrib/include",
				);
				IPHONEOS_DEPLOYMENT_TARGET = 8.0;
				MTL_ENABLE_DEBUG_INFO = NO;
				SDKROOT = iphoneos;
				VALIDATE_PRODUCT = YES;
				r4_root = "$(HOME)/art/r4";
			};
			name = Release;
		};
		57012D8A1EED5DD400F10594 /* Debug */ = {
			isa = XCBuildConfiguration;
			buildSettings = {
				DEVELOPMENT_TEAM = YZJZ9TNW24;
				HEADER_SEARCH_PATHS = (
					"$(r4_root)/contrib",
					"$(r4_root)/libs",
					"$(r4_root)/contrib/include",
					../../../contrib/deps,
				);
				OTHER_LDFLAGS = "-ObjC";
				PRODUCT_NAME = grdn;
				SKIP_INSTALL = YES;
				SYMROOT = ../../../build;
				r4_root = "$(HOME)/art/r4";
			};
			name = Debug;
		};
		57012D8B1EED5DD400F10594 /* Release */ = {
			isa = XCBuildConfiguration;
			buildSettings = {
				DEVELOPMENT_TEAM = YZJZ9TNW24;
				HEADER_SEARCH_PATHS = (
					"$(r4_root)/contrib",
					"$(r4_root)/libs",
					"$(r4_root)/contrib/include",
					../../../contrib/deps,
				);
				OTHER_LDFLAGS = "-ObjC";
				PRODUCT_NAME = grdn;
				SKIP_INSTALL = YES;
				SYMROOT = ../../../build;
				r4_root = "$(HOME)/art/r4";
			};
			name = Release;
		};
/* End XCBuildConfiguration section */

/* Begin XCConfigurationList section */
		57012D7B1EED5DD400F10594 /* Build configuration list for PBXProject "grdn-ios" */ = {
			isa = XCConfigurationList;
			buildConfigurations = (
				57012D871EED5DD400F10594 /* Debug */,
				57012D881EED5DD400F10594 /* Release */,
			);
			defaultConfigurationIsVisible = 0;
			defaultConfigurationName = Release;
		};
		57012D891EED5DD400F10594 /* Build configuration list for PBXNativeTarget "grdn-ios" */ = {
			isa = XCConfigurationList;
			buildConfigurations = (
				57012D8A1EED5DD400F10594 /* Debug */,
				57012D8B1EED5DD400F10594 /* Release */,
			);
			defaultConfigurationIsVisible = 0;
			defaultConfigurationName = Release;
		};
/* End XCConfigurationList section */
	};
	rootObject = 57012D781EED5DD400F10594 /* Project object */;
}
