// !$*UTF8*$!
{
	archiveVersion = 1;
	classes = {
	};
	objectVersion = 46;
	objects = {

/* Begin PBXBuildFile section */
		49F9FFA91F61FE1100D5D7B9 /* g_body.h in Headers */ = {isa = PBXBuildFile; fileRef = 49F9FFA71F61FE1100D5D7B9 /* g_body.h */; };
		57050B1F1FEAFF9D00C6D4C2 /* grdn.c in Sources */ = {isa = PBXBuildFile; fileRef = 57050B1E1FEAFF9D00C6D4C2 /* grdn.c */; };
		5708AA02208FF89800A9E776 /* g_drawable.h in Headers */ = {isa = PBXBuildFile; fileRef = 5708AA00208FF89800A9E776 /* g_drawable.h */; };
		5708AA03208FF89800A9E776 /* g_drawable.c in Sources */ = {isa = PBXBuildFile; fileRef = 5708AA01208FF89800A9E776 /* g_drawable.c */; };
		5709FF562183F36500F3DF17 /* g_body.c in Sources */ = {isa = PBXBuildFile; fileRef = 57B3559A206590B900C73A8E /* g_body.c */; };
		5709FF572183F36500F3DF17 /* g_drawable.c in Sources */ = {isa = PBXBuildFile; fileRef = 5708AA01208FF89800A9E776 /* g_drawable.c */; };
		5709FF582183F36500F3DF17 /* g_jpred.c in Sources */ = {isa = PBXBuildFile; fileRef = 57B35598206590B900C73A8E /* g_jpred.c */; };
		5709FF592183F36500F3DF17 /* g_dac.c in Sources */ = {isa = PBXBuildFile; fileRef = 57B35599206590B900C73A8E /* g_dac.c */; };
		5730AF981FE7162700EF5C2F /* g_game.h in Headers */ = {isa = PBXBuildFile; fileRef = 5730AF961FE7162700EF5C2F /* g_game.h */; };
		57437E0E207FDD7900D53A0F /* g_render_wsh.c in Sources */ = {isa = PBXBuildFile; fileRef = 57437E0C207FDD7900D53A0F /* g_render_wsh.c */; };
		57437E0F207FDD7900D53A0F /* g_render_wsh.h in Headers */ = {isa = PBXBuildFile; fileRef = 57437E0D207FDD7900D53A0F /* g_render_wsh.h */; };
		574399E5209F9A3D009A3A06 /* g_extloader.h in Headers */ = {isa = PBXBuildFile; fileRef = 574399E3209F9A3D009A3A06 /* g_extloader.h */; };
		574399E6209F9A3D009A3A06 /* g_extloader.c in Sources */ = {isa = PBXBuildFile; fileRef = 574399E4209F9A3D009A3A06 /* g_extloader.c */; };
		574399E9209F9BAD009A3A06 /* g_entity_manager.h in Headers */ = {isa = PBXBuildFile; fileRef = 574399E7209F9BAD009A3A06 /* g_entity_manager.h */; };
		574399EA209F9BAD009A3A06 /* g_entity_manager.c in Sources */ = {isa = PBXBuildFile; fileRef = 574399E8209F9BAD009A3A06 /* g_entity_manager.c */; };
		574951591E9AC6D400212EAF /* g_attractor.c in Sources */ = {isa = PBXBuildFile; fileRef = 574951501E9AC6D400212EAF /* g_attractor.c */; };
		5749515A1E9AC6D400212EAF /* g_attractor.c in Sources */ = {isa = PBXBuildFile; fileRef = 574951501E9AC6D400212EAF /* g_attractor.c */; };
		5749515B1E9AC6D400212EAF /* g_attractor.h in Headers */ = {isa = PBXBuildFile; fileRef = 574951511E9AC6D400212EAF /* g_attractor.h */; };
		5749515C1E9AC6D400212EAF /* g_attractor.h in Headers */ = {isa = PBXBuildFile; fileRef = 574951511E9AC6D400212EAF /* g_attractor.h */; };
		5749515F1E9AC6D400212EAF /* g_particle.c in Sources */ = {isa = PBXBuildFile; fileRef = 574951531E9AC6D400212EAF /* g_particle.c */; };
		574951601E9AC6D400212EAF /* g_particle.c in Sources */ = {isa = PBXBuildFile; fileRef = 574951531E9AC6D400212EAF /* g_particle.c */; };
		574951611E9AC6D400212EAF /* g_particle.h in Headers */ = {isa = PBXBuildFile; fileRef = 574951541E9AC6D400212EAF /* g_particle.h */; };
		574951621E9AC6D400212EAF /* g_particle.h in Headers */ = {isa = PBXBuildFile; fileRef = 574951541E9AC6D400212EAF /* g_particle.h */; };
		574951651E9AC6D400212EAF /* g_particlesystem.c in Sources */ = {isa = PBXBuildFile; fileRef = 574951561E9AC6D400212EAF /* g_particlesystem.c */; };
		574951661E9AC6D400212EAF /* g_particlesystem.c in Sources */ = {isa = PBXBuildFile; fileRef = 574951561E9AC6D400212EAF /* g_particlesystem.c */; };
		574951671E9AC6D400212EAF /* g_particlesystem.h in Headers */ = {isa = PBXBuildFile; fileRef = 574951571E9AC6D400212EAF /* g_particlesystem.h */; };
		574951681E9AC6D400212EAF /* g_particlesystem.h in Headers */ = {isa = PBXBuildFile; fileRef = 574951571E9AC6D400212EAF /* g_particlesystem.h */; };
		5756145E218E5C510040B44C /* grdn_dialog.h in Headers */ = {isa = PBXBuildFile; fileRef = 5756145C218E5C510040B44C /* grdn_dialog.h */; };
		5756145F218E5C510040B44C /* grdn_dialog.c in Sources */ = {isa = PBXBuildFile; fileRef = 5756145D218E5C510040B44C /* grdn_dialog.c */; };
		57561462218E5D210040B44C /* grdn_dialogtree.h in Headers */ = {isa = PBXBuildFile; fileRef = 57561460218E5D210040B44C /* grdn_dialogtree.h */; };
		57561463218E5D210040B44C /* grdn_dialogtree.c in Sources */ = {isa = PBXBuildFile; fileRef = 57561461218E5D210040B44C /* grdn_dialogtree.c */; };
		57561466218E5D490040B44C /* grdn_dialognode.h in Headers */ = {isa = PBXBuildFile; fileRef = 57561464218E5D490040B44C /* grdn_dialognode.h */; };
		57561467218E5D490040B44C /* grdn_dialognode.c in Sources */ = {isa = PBXBuildFile; fileRef = 57561465218E5D490040B44C /* grdn_dialognode.c */; };
		5759736B21BB5ECB0033EF48 /* grdn_action_mgr.h in Headers */ = {isa = PBXBuildFile; fileRef = 5759736921BB5ECB0033EF48 /* grdn_action_mgr.h */; };
		5759736C21BB5ECB0033EF48 /* grdn_action_mgr.c in Sources */ = {isa = PBXBuildFile; fileRef = 5759736A21BB5ECB0033EF48 /* grdn_action_mgr.c */; };
		578174D91FBA958E00E004F4 /* g_story.h in Headers */ = {isa = PBXBuildFile; fileRef = 578174D71FBA958E00E004F4 /* g_story.h */; };
		578174DA1FBA958E00E004F4 /* g_story.c in Sources */ = {isa = PBXBuildFile; fileRef = 578174D81FBA958E00E004F4 /* g_story.c */; };
		5781AFC220868B97003659FD /* g_npc.h in Headers */ = {isa = PBXBuildFile; fileRef = 5781AFC020868B97003659FD /* g_npc.h */; };
		5781AFC320868B97003659FD /* g_npc.c in Sources */ = {isa = PBXBuildFile; fileRef = 5781AFC120868B97003659FD /* g_npc.c */; };
		5797936221632A7C00A0F4DA /* g_particle_flock.h in Headers */ = {isa = PBXBuildFile; fileRef = 5797936021632A7C00A0F4DA /* g_particle_flock.h */; };
		5797936321632A7C00A0F4DA /* g_particle_flock.c in Sources */ = {isa = PBXBuildFile; fileRef = 5797936121632A7C00A0F4DA /* g_particle_flock.c */; };
		57A005551F7398FD003231CC /* g_light.c in Sources */ = {isa = PBXBuildFile; fileRef = 57A005531F7398FD003231CC /* g_light.c */; };
		57A005561F7398FD003231CC /* g_light.c in Sources */ = {isa = PBXBuildFile; fileRef = 57A005531F7398FD003231CC /* g_light.c */; };
		57A005571F7398FD003231CC /* g_light.h in Headers */ = {isa = PBXBuildFile; fileRef = 57A005541F7398FD003231CC /* g_light.h */; };
		57A005581F7398FD003231CC /* g_light.h in Headers */ = {isa = PBXBuildFile; fileRef = 57A005541F7398FD003231CC /* g_light.h */; };
		57A0E4421FFF173000923E44 /* g_player.h in Headers */ = {isa = PBXBuildFile; fileRef = 57A0E4401FFF173000923E44 /* g_player.h */; };
		57A0E4431FFF173000923E44 /* g_player.c in Sources */ = {isa = PBXBuildFile; fileRef = 57A0E4411FFF173000923E44 /* g_player.c */; };
		57ADF19721BB38A30099756F /* grdn_entity_subscriber.h in Headers */ = {isa = PBXBuildFile; fileRef = 57ADF19521BB38A30099756F /* grdn_entity_subscriber.h */; };
		57ADF19821BB38A30099756F /* grdn_entity_subscriber.c in Sources */ = {isa = PBXBuildFile; fileRef = 57ADF19621BB38A30099756F /* grdn_entity_subscriber.c */; };
		57B3559E206590BA00C73A8E /* g_jpred.c in Sources */ = {isa = PBXBuildFile; fileRef = 57B35598206590B900C73A8E /* g_jpred.c */; };
		57B3559F206590BA00C73A8E /* g_dac.c in Sources */ = {isa = PBXBuildFile; fileRef = 57B35599206590B900C73A8E /* g_dac.c */; };
		57B355A0206590BA00C73A8E /* g_body.c in Sources */ = {isa = PBXBuildFile; fileRef = 57B3559A206590B900C73A8E /* g_body.c */; };
		57B355A1206590BA00C73A8E /* g_jpred.h in Headers */ = {isa = PBXBuildFile; fileRef = 57B3559B206590B900C73A8E /* g_jpred.h */; };
		57B355A2206590BA00C73A8E /* g_dac.h in Headers */ = {isa = PBXBuildFile; fileRef = 57B3559C206590B900C73A8E /* g_dac.h */; };
		57CE907720BE4297004D69E7 /* grdn_physics_space.c in Sources */ = {isa = PBXBuildFile; fileRef = 57CE907520BE4297004D69E7 /* grdn_physics_space.c */; };
		57CE907820BE4297004D69E7 /* grdn_physics_space.h in Headers */ = {isa = PBXBuildFile; fileRef = 57CE907620BE4297004D69E7 /* grdn_physics_space.h */; };
		57CE907D20BE4447004D69E7 /* grdn_physics.h in Headers */ = {isa = PBXBuildFile; fileRef = 57CE907920BE4446004D69E7 /* grdn_physics.h */; };
		57CE907E20BE4447004D69E7 /* grdn_physics_cloth.c in Sources */ = {isa = PBXBuildFile; fileRef = 57CE907A20BE4446004D69E7 /* grdn_physics_cloth.c */; };
		57CE907F20BE4447004D69E7 /* grdn_physics_cloth.h in Headers */ = {isa = PBXBuildFile; fileRef = 57CE907B20BE4446004D69E7 /* grdn_physics_cloth.h */; };
		57CE908020BE4447004D69E7 /* grdn_physics.c in Sources */ = {isa = PBXBuildFile; fileRef = 57CE907C20BE4447004D69E7 /* grdn_physics.c */; };
		57D2AF3A1FC2569700CCAD5C /* vmap.h in Headers */ = {isa = PBXBuildFile; fileRef = 57D2AF381FC2569700CCAD5C /* vmap.h */; };
		57D2AF3B1FC2569700CCAD5C /* vmap.cpp in Sources */ = {isa = PBXBuildFile; fileRef = 57D2AF391FC2569700CCAD5C /* vmap.cpp */; };
		57D2AF3E1FC2571E00CCAD5C /* g_water.h in Headers */ = {isa = PBXBuildFile; fileRef = 57D2AF3C1FC2571E00CCAD5C /* g_water.h */; };
		57D2AF3F1FC2571E00CCAD5C /* g_water.c in Sources */ = {isa = PBXBuildFile; fileRef = 57D2AF3D1FC2571E00CCAD5C /* g_water.c */; };
		57D2AFB61FC3BA1200CCAD5C /* g_particle_emitter.h in Headers */ = {isa = PBXBuildFile; fileRef = 57D2AFB41FC3BA1200CCAD5C /* g_particle_emitter.h */; };
		57D2AFB71FC3BA1200CCAD5C /* g_particle_emitter.c in Sources */ = {isa = PBXBuildFile; fileRef = 57D2AFB51FC3BA1200CCAD5C /* g_particle_emitter.c */; };
		57D2AFBA1FC4848E00CCAD5C /* g_particle_system.h in Headers */ = {isa = PBXBuildFile; fileRef = 57D2AFB81FC4848E00CCAD5C /* g_particle_system.h */; };
		57D2AFBB1FC4848E00CCAD5C /* g_particle_system.c in Sources */ = {isa = PBXBuildFile; fileRef = 57D2AFB91FC4848E00CCAD5C /* g_particle_system.c */; };
		57D2AFCC1FC93BE100CCAD5C /* g_factory.c in Sources */ = {isa = PBXBuildFile; fileRef = 57D2AFC81FC93BE000CCAD5C /* g_factory.c */; };
		57D2AFCD1FC93BE100CCAD5C /* g_factory.h in Headers */ = {isa = PBXBuildFile; fileRef = 57D2AFC91FC93BE100CCAD5C /* g_factory.h */; };
		57D2AFCE1FC93BE100CCAD5C /* g_sticky.c in Sources */ = {isa = PBXBuildFile; fileRef = 57D2AFCA1FC93BE100CCAD5C /* g_sticky.c */; };
		57D2AFCF1FC93BE100CCAD5C /* g_sticky.h in Headers */ = {isa = PBXBuildFile; fileRef = 57D2AFCB1FC93BE100CCAD5C /* g_sticky.h */; };
		57D2AFD81FCB83D000CCAD5C /* g_render.h in Headers */ = {isa = PBXBuildFile; fileRef = 57D2AFD61FCB83D000CCAD5C /* g_render.h */; };
		57D2AFD91FCB83D000CCAD5C /* g_render.c in Sources */ = {isa = PBXBuildFile; fileRef = 57D2AFD71FCB83D000CCAD5C /* g_render.c */; };
		57E29A8D1FB2994F00B14235 /* g_map.c in Sources */ = {isa = PBXBuildFile; fileRef = 57E29A8B1FB2994F00B14235 /* g_map.c */; };
		57E29A8E1FB2994F00B14235 /* g_map.h in Headers */ = {isa = PBXBuildFile; fileRef = 57E29A8C1FB2994F00B14235 /* g_map.h */; };
		57E624C921BB503F00936385 /* grdn_log.h in Headers */ = {isa = PBXBuildFile; fileRef = 57E624C721BB503F00936385 /* grdn_log.h */; };
		57E624CA21BB503F00936385 /* grdn_log.c in Sources */ = {isa = PBXBuildFile; fileRef = 57E624C821BB503F00936385 /* grdn_log.c */; };
		57F8E2B8212907DE005614E7 /* g_entity.c in Sources */ = {isa = PBXBuildFile; fileRef = 57F8E2B4212907DE005614E7 /* g_entity.c */; };
		57F8E2B9212907DE005614E7 /* g_entity.h in Headers */ = {isa = PBXBuildFile; fileRef = 57F8E2B5212907DE005614E7 /* g_entity.h */; };
		57F8E2BA212907DE005614E7 /* g_entsys.c in Sources */ = {isa = PBXBuildFile; fileRef = 57F8E2B6212907DE005614E7 /* g_entsys.c */; };
		57F8E2BB212907DE005614E7 /* g_entsys.h in Headers */ = {isa = PBXBuildFile; fileRef = 57F8E2B7212907DE005614E7 /* g_entsys.h */; };
		57F8E2BD21290918005614E7 /* g_game.c in Sources */ = {isa = PBXBuildFile; fileRef = 57F8E2BC21290918005614E7 /* g_game.c */; };
		57F8E2BE21290C06005614E7 /* g_think.c in Sources */ = {isa = PBXBuildFile; fileRef = 57A005511F7398C8003231CC /* g_think.c */; };
		57FEFCA21FAEAAB100CBCCE7 /* g_node.c in Sources */ = {isa = PBXBuildFile; fileRef = 57FEFCA01FAEAAB100CBCCE7 /* g_node.c */; };
		57FEFCA31FAEAAB100CBCCE7 /* g_node.h in Headers */ = {isa = PBXBuildFile; fileRef = 57FEFCA11FAEAAB100CBCCE7 /* g_node.h */; };
		57FEFCA61FAEAAB700CBCCE7 /* g_transform.h in Headers */ = {isa = PBXBuildFile; fileRef = 57FEFCA41FAEAAB700CBCCE7 /* g_transform.h */; };
		57FEFCA71FAEAAB700CBCCE7 /* g_transform.c in Sources */ = {isa = PBXBuildFile; fileRef = 57FEFCA51FAEAAB700CBCCE7 /* g_transform.c */; };
		D154FF4C1FC4D68300AE014F /* g_particle_affector.h in Headers */ = {isa = PBXBuildFile; fileRef = D154FF4A1FC4D68300AE014F /* g_particle_affector.h */; };
		D154FF4D1FC4D68300AE014F /* g_particle_affector.c in Sources */ = {isa = PBXBuildFile; fileRef = D154FF4B1FC4D68300AE014F /* g_particle_affector.c */; };
		D1B18A651E9858950072B87C /* g_area.c in Sources */ = {isa = PBXBuildFile; fileRef = D1E733651E95B93E0027A570 /* g_area.c */; };
		D1B18A661E9858950072B87C /* g_clock.c in Sources */ = {isa = PBXBuildFile; fileRef = D1E733671E95B93E0027A570 /* g_clock.c */; };
		D1B18A671E9858950072B87C /* g_dialog.c in Sources */ = {isa = PBXBuildFile; fileRef = D1E733691E95B93E0027A570 /* g_dialog.c */; };
		D1B18A691E9858950072B87C /* g_vecfield.c in Sources */ = {isa = PBXBuildFile; fileRef = D1E7336D1E95B93E0027A570 /* g_vecfield.c */; };
		D1B18A6A1E9858950072B87C /* g_world.c in Sources */ = {isa = PBXBuildFile; fileRef = D1E7336F1E95B93E0027A570 /* g_world.c */; };
		D1DB87F21F1434D800BA023B /* g_background.c in Sources */ = {isa = PBXBuildFile; fileRef = D1DB87EA1F1434D800BA023B /* g_background.c */; };
		D1DB87F31F1434D800BA023B /* g_background.c in Sources */ = {isa = PBXBuildFile; fileRef = D1DB87EA1F1434D800BA023B /* g_background.c */; };
		D1DB87F41F1434D800BA023B /* g_background.h in Headers */ = {isa = PBXBuildFile; fileRef = D1DB87EB1F1434D800BA023B /* g_background.h */; };
		D1DB87F51F1434D800BA023B /* g_background.h in Headers */ = {isa = PBXBuildFile; fileRef = D1DB87EB1F1434D800BA023B /* g_background.h */; };
		D1DB87F61F1434D800BA023B /* g_camera.c in Sources */ = {isa = PBXBuildFile; fileRef = D1DB87EC1F1434D800BA023B /* g_camera.c */; };
		D1DB87F71F1434D800BA023B /* g_camera.c in Sources */ = {isa = PBXBuildFile; fileRef = D1DB87EC1F1434D800BA023B /* g_camera.c */; };
		D1DB87F81F1434D800BA023B /* g_camera.h in Headers */ = {isa = PBXBuildFile; fileRef = D1DB87ED1F1434D800BA023B /* g_camera.h */; };
		D1DB87F91F1434D800BA023B /* g_camera.h in Headers */ = {isa = PBXBuildFile; fileRef = D1DB87ED1F1434D800BA023B /* g_camera.h */; };
		D1DB87FA1F1434D800BA023B /* g_textseq.c in Sources */ = {isa = PBXBuildFile; fileRef = D1DB87EE1F1434D800BA023B /* g_textseq.c */; };
		D1DB87FB1F1434D800BA023B /* g_textseq.c in Sources */ = {isa = PBXBuildFile; fileRef = D1DB87EE1F1434D800BA023B /* g_textseq.c */; };
		D1DB87FC1F1434D800BA023B /* g_textseq.h in Headers */ = {isa = PBXBuildFile; fileRef = D1DB87EF1F1434D800BA023B /* g_textseq.h */; };
		D1DB87FD1F1434D800BA023B /* g_textseq.h in Headers */ = {isa = PBXBuildFile; fileRef = D1DB87EF1F1434D800BA023B /* g_textseq.h */; };
		D1DB87FE1F1434D800BA023B /* g_weather.c in Sources */ = {isa = PBXBuildFile; fileRef = D1DB87F01F1434D800BA023B /* g_weather.c */; };
		D1DB87FF1F1434D800BA023B /* g_weather.c in Sources */ = {isa = PBXBuildFile; fileRef = D1DB87F01F1434D800BA023B /* g_weather.c */; };
		D1DB88001F1434D800BA023B /* g_weather.h in Headers */ = {isa = PBXBuildFile; fileRef = D1DB87F11F1434D800BA023B /* g_weather.h */; };
		D1DB88011F1434D800BA023B /* g_weather.h in Headers */ = {isa = PBXBuildFile; fileRef = D1DB87F11F1434D800BA023B /* g_weather.h */; };
		D1DB88031F1434E100BA023B /* grdn.h in Headers */ = {isa = PBXBuildFile; fileRef = D1DB88021F1434E100BA023B /* grdn.h */; };
		D1DB88041F1434E100BA023B /* grdn.h in Headers */ = {isa = PBXBuildFile; fileRef = D1DB88021F1434E100BA023B /* grdn.h */; };
		D1E3CCE11F84185800BA6CE1 /* g_particle_presets.c in Sources */ = {isa = PBXBuildFile; fileRef = D1E3CCDF1F84185800BA6CE1 /* g_particle_presets.c */; };
		D1E3CCE21F84185800BA6CE1 /* g_particle_presets.h in Headers */ = {isa = PBXBuildFile; fileRef = D1E3CCE01F84185800BA6CE1 /* g_particle_presets.h */; };
		D1E3CCE51F84185F00BA6CE1 /* g_behaviors.c in Sources */ = {isa = PBXBuildFile; fileRef = D1E3CCE31F84185F00BA6CE1 /* g_behaviors.c */; };
		D1E3CCE61F84185F00BA6CE1 /* g_behaviors.h in Headers */ = {isa = PBXBuildFile; fileRef = D1E3CCE41F84185F00BA6CE1 /* g_behaviors.h */; };
		D1E733741E95B93E0027A570 /* g_area.c in Sources */ = {isa = PBXBuildFile; fileRef = D1E733651E95B93E0027A570 /* g_area.c */; };
		D1E733751E95B93E0027A570 /* g_area.h in Headers */ = {isa = PBXBuildFile; fileRef = D1E733661E95B93E0027A570 /* g_area.h */; };
		D1E733761E95B93E0027A570 /* g_clock.c in Sources */ = {isa = PBXBuildFile; fileRef = D1E733671E95B93E0027A570 /* g_clock.c */; };
		D1E733771E95B93E0027A570 /* g_clock.h in Headers */ = {isa = PBXBuildFile; fileRef = D1E733681E95B93E0027A570 /* g_clock.h */; };
		D1E733781E95B93E0027A570 /* g_dialog.c in Sources */ = {isa = PBXBuildFile; fileRef = D1E733691E95B93E0027A570 /* g_dialog.c */; };
		D1E733791E95B93E0027A570 /* g_dialog.h in Headers */ = {isa = PBXBuildFile; fileRef = D1E7336A1E95B93E0027A570 /* g_dialog.h */; };
		D1E7337C1E95B93E0027A570 /* g_vecfield.c in Sources */ = {isa = PBXBuildFile; fileRef = D1E7336D1E95B93E0027A570 /* g_vecfield.c */; };
		D1E7337D1E95B93E0027A570 /* g_vecfield.h in Headers */ = {isa = PBXBuildFile; fileRef = D1E7336E1E95B93E0027A570 /* g_vecfield.h */; };
		D1E7337E1E95B93E0027A570 /* g_world.c in Sources */ = {isa = PBXBuildFile; fileRef = D1E7336F1E95B93E0027A570 /* g_world.c */; };
		D1E7337F1E95B93E0027A570 /* g_world.h in Headers */ = {isa = PBXBuildFile; fileRef = D1E733701E95B93E0027A570 /* g_world.h */; };
/* End PBXBuildFile section */

/* Begin PBXFileReference section */
		49F9FFA61F61FE1100D5D7B9 /* g_body.c */ = {isa = PBXFileReference; lastKnownFileType = sourcecode.c.c; path = g_body.c; sourceTree = "<group>"; };
		49F9FFA71F61FE1100D5D7B9 /* g_body.h */ = {isa = PBXFileReference; lastKnownFileType = sourcecode.c.h; path = g_body.h; sourceTree = "<group>"; };
		57050B1E1FEAFF9D00C6D4C2 /* grdn.c */ = {isa = PBXFileReference; fileEncoding = 4; lastKnownFileType = sourcecode.c.c; name = grdn.c; path = ../grdn.c; sourceTree = "<group>"; };
		5708AA00208FF89800A9E776 /* g_drawable.h */ = {isa = PBXFileReference; lastKnownFileType = sourcecode.c.h; path = g_drawable.h; sourceTree = "<group>"; };
		5708AA01208FF89800A9E776 /* g_drawable.c */ = {isa = PBXFileReference; lastKnownFileType = sourcecode.c.c; path = g_drawable.c; sourceTree = "<group>"; };
		5709FF522183F34200F3DF17 /* libgrdn2.a */ = {isa = PBXFileReference; explicitFileType = archive.ar; includeInIndex = 0; path = libgrdn2.a; sourceTree = BUILT_PRODUCTS_DIR; };
		5730AF961FE7162700EF5C2F /* g_game.h */ = {isa = PBXFileReference; fileEncoding = 4; lastKnownFileType = sourcecode.c.h; path = g_game.h; sourceTree = "<group>"; };
		57437E0C207FDD7900D53A0F /* g_render_wsh.c */ = {isa = PBXFileReference; fileEncoding = 4; lastKnownFileType = sourcecode.c.c; path = g_render_wsh.c; sourceTree = "<group>"; };
		57437E0D207FDD7900D53A0F /* g_render_wsh.h */ = {isa = PBXFileReference; fileEncoding = 4; lastKnownFileType = sourcecode.c.h; path = g_render_wsh.h; sourceTree = "<group>"; };
		574399E3209F9A3D009A3A06 /* g_extloader.h */ = {isa = PBXFileReference; lastKnownFileType = sourcecode.c.h; path = g_extloader.h; sourceTree = "<group>"; };
		574399E4209F9A3D009A3A06 /* g_extloader.c */ = {isa = PBXFileReference; lastKnownFileType = sourcecode.c.c; path = g_extloader.c; sourceTree = "<group>"; };
		574399E7209F9BAD009A3A06 /* g_entity_manager.h */ = {isa = PBXFileReference; lastKnownFileType = sourcecode.c.h; path = g_entity_manager.h; sourceTree = "<group>"; };
		574399E8209F9BAD009A3A06 /* g_entity_manager.c */ = {isa = PBXFileReference; lastKnownFileType = sourcecode.c.c; path = g_entity_manager.c; sourceTree = "<group>"; };
		574951501E9AC6D400212EAF /* g_attractor.c */ = {isa = PBXFileReference; fileEncoding = 4; lastKnownFileType = sourcecode.c.c; path = g_attractor.c; sourceTree = "<group>"; };
		574951511E9AC6D400212EAF /* g_attractor.h */ = {isa = PBXFileReference; fileEncoding = 4; lastKnownFileType = sourcecode.c.h; path = g_attractor.h; sourceTree = "<group>"; };
		574951531E9AC6D400212EAF /* g_particle.c */ = {isa = PBXFileReference; fileEncoding = 4; lastKnownFileType = sourcecode.c.c; path = g_particle.c; sourceTree = "<group>"; };
		574951541E9AC6D400212EAF /* g_particle.h */ = {isa = PBXFileReference; fileEncoding = 4; lastKnownFileType = sourcecode.c.h; path = g_particle.h; sourceTree = "<group>"; };
		574951561E9AC6D400212EAF /* g_particlesystem.c */ = {isa = PBXFileReference; fileEncoding = 4; lastKnownFileType = sourcecode.c.c; path = g_particlesystem.c; sourceTree = "<group>"; };
		574951571E9AC6D400212EAF /* g_particlesystem.h */ = {isa = PBXFileReference; fileEncoding = 4; lastKnownFileType = sourcecode.c.h; path = g_particlesystem.h; sourceTree = "<group>"; };
		5756145C218E5C510040B44C /* grdn_dialog.h */ = {isa = PBXFileReference; lastKnownFileType = sourcecode.c.h; path = grdn_dialog.h; sourceTree = "<group>"; };
		5756145D218E5C510040B44C /* grdn_dialog.c */ = {isa = PBXFileReference; lastKnownFileType = sourcecode.c.c; path = grdn_dialog.c; sourceTree = "<group>"; };
		57561460218E5D210040B44C /* grdn_dialogtree.h */ = {isa = PBXFileReference; lastKnownFileType = sourcecode.c.h; path = grdn_dialogtree.h; sourceTree = "<group>"; };
		57561461218E5D210040B44C /* grdn_dialogtree.c */ = {isa = PBXFileReference; lastKnownFileType = sourcecode.c.c; path = grdn_dialogtree.c; sourceTree = "<group>"; };
		57561464218E5D490040B44C /* grdn_dialognode.h */ = {isa = PBXFileReference; lastKnownFileType = sourcecode.c.h; path = grdn_dialognode.h; sourceTree = "<group>"; };
		57561465218E5D490040B44C /* grdn_dialognode.c */ = {isa = PBXFileReference; lastKnownFileType = sourcecode.c.c; path = grdn_dialognode.c; sourceTree = "<group>"; };
		5759736921BB5ECB0033EF48 /* grdn_action_mgr.h */ = {isa = PBXFileReference; lastKnownFileType = sourcecode.c.h; path = grdn_action_mgr.h; sourceTree = "<group>"; };
		5759736A21BB5ECB0033EF48 /* grdn_action_mgr.c */ = {isa = PBXFileReference; lastKnownFileType = sourcecode.c.c; path = grdn_action_mgr.c; sourceTree = "<group>"; };
		578174D71FBA958E00E004F4 /* g_story.h */ = {isa = PBXFileReference; fileEncoding = 4; lastKnownFileType = sourcecode.c.h; path = g_story.h; sourceTree = "<group>"; };
		578174D81FBA958E00E004F4 /* g_story.c */ = {isa = PBXFileReference; fileEncoding = 4; lastKnownFileType = sourcecode.c.c; path = g_story.c; sourceTree = "<group>"; };
		5781AFC020868B97003659FD /* g_npc.h */ = {isa = PBXFileReference; lastKnownFileType = sourcecode.c.h; path = g_npc.h; sourceTree = "<group>"; };
		5781AFC120868B97003659FD /* g_npc.c */ = {isa = PBXFileReference; lastKnownFileType = sourcecode.c.c; path = g_npc.c; sourceTree = "<group>"; };
		5797936021632A7C00A0F4DA /* g_particle_flock.h */ = {isa = PBXFileReference; lastKnownFileType = sourcecode.c.h; path = g_particle_flock.h; sourceTree = "<group>"; };
		5797936121632A7C00A0F4DA /* g_particle_flock.c */ = {isa = PBXFileReference; lastKnownFileType = sourcecode.c.c; path = g_particle_flock.c; sourceTree = "<group>"; };
		57A004E91F721717003231CC /* g_serial.c */ = {isa = PBXFileReference; lastKnownFileType = sourcecode.c.c; path = g_serial.c; sourceTree = "<group>"; };
		57A004EA1F721717003231CC /* g_serial.h */ = {isa = PBXFileReference; lastKnownFileType = sourcecode.c.h; path = g_serial.h; sourceTree = "<group>"; };
		57A005511F7398C8003231CC /* g_think.c */ = {isa = PBXFileReference; lastKnownFileType = sourcecode.c.c; path = g_think.c; sourceTree = "<group>"; };
		57A005521F7398C8003231CC /* g_think.h */ = {isa = PBXFileReference; lastKnownFileType = sourcecode.c.h; path = g_think.h; sourceTree = "<group>"; };
		57A005531F7398FD003231CC /* g_light.c */ = {isa = PBXFileReference; lastKnownFileType = sourcecode.c.c; path = g_light.c; sourceTree = "<group>"; };
		57A005541F7398FD003231CC /* g_light.h */ = {isa = PBXFileReference; lastKnownFileType = sourcecode.c.h; path = g_light.h; sourceTree = "<group>"; };
		57A0E4401FFF173000923E44 /* g_player.h */ = {isa = PBXFileReference; lastKnownFileType = sourcecode.c.h; path = g_player.h; sourceTree = "<group>"; };
		57A0E4411FFF173000923E44 /* g_player.c */ = {isa = PBXFileReference; lastKnownFileType = sourcecode.c.c; path = g_player.c; sourceTree = "<group>"; };
		57ADF19521BB38A30099756F /* grdn_entity_subscriber.h */ = {isa = PBXFileReference; lastKnownFileType = sourcecode.c.h; path = grdn_entity_subscriber.h; sourceTree = "<group>"; };
		57ADF19621BB38A30099756F /* grdn_entity_subscriber.c */ = {isa = PBXFileReference; lastKnownFileType = sourcecode.c.c; path = grdn_entity_subscriber.c; sourceTree = "<group>"; };
		57B35597206590B900C73A8E /* g_body.h */ = {isa = PBXFileReference; fileEncoding = 4; lastKnownFileType = sourcecode.c.h; path = g_body.h; sourceTree = "<group>"; };
		57B35598206590B900C73A8E /* g_jpred.c */ = {isa = PBXFileReference; fileEncoding = 4; lastKnownFileType = sourcecode.c.c; path = g_jpred.c; sourceTree = "<group>"; };
		57B35599206590B900C73A8E /* g_dac.c */ = {isa = PBXFileReference; fileEncoding = 4; lastKnownFileType = sourcecode.c.c; path = g_dac.c; sourceTree = "<group>"; };
		57B3559A206590B900C73A8E /* g_body.c */ = {isa = PBXFileReference; fileEncoding = 4; lastKnownFileType = sourcecode.c.c; path = g_body.c; sourceTree = "<group>"; };
		57B3559B206590B900C73A8E /* g_jpred.h */ = {isa = PBXFileReference; fileEncoding = 4; lastKnownFileType = sourcecode.c.h; path = g_jpred.h; sourceTree = "<group>"; };
		57B3559C206590B900C73A8E /* g_dac.h */ = {isa = PBXFileReference; fileEncoding = 4; lastKnownFileType = sourcecode.c.h; path = g_dac.h; sourceTree = "<group>"; };
		57B355A4206590CE00C73A8E /* libc++.tbd */ = {isa = PBXFileReference; lastKnownFileType = "sourcecode.text-based-dylib-definition"; name = "libc++.tbd"; path = "usr/lib/libc++.tbd"; sourceTree = SDKROOT; };
		57B355A6206590F300C73A8E /* libstdc++.tbd */ = {isa = PBXFileReference; lastKnownFileType = "sourcecode.text-based-dylib-definition"; name = "libstdc++.tbd"; path = "usr/lib/libstdc++.tbd"; sourceTree = SDKROOT; };
		57CE907520BE4297004D69E7 /* grdn_physics_space.c */ = {isa = PBXFileReference; fileEncoding = 4; lastKnownFileType = sourcecode.c.c; path = grdn_physics_space.c; sourceTree = "<group>"; };
		57CE907620BE4297004D69E7 /* grdn_physics_space.h */ = {isa = PBXFileReference; fileEncoding = 4; lastKnownFileType = sourcecode.c.h; path = grdn_physics_space.h; sourceTree = "<group>"; };
		57CE907920BE4446004D69E7 /* grdn_physics.h */ = {isa = PBXFileReference; fileEncoding = 4; lastKnownFileType = sourcecode.c.h; path = grdn_physics.h; sourceTree = "<group>"; };
		57CE907A20BE4446004D69E7 /* grdn_physics_cloth.c */ = {isa = PBXFileReference; fileEncoding = 4; lastKnownFileType = sourcecode.c.c; path = grdn_physics_cloth.c; sourceTree = "<group>"; };
		57CE907B20BE4446004D69E7 /* grdn_physics_cloth.h */ = {isa = PBXFileReference; fileEncoding = 4; lastKnownFileType = sourcecode.c.h; path = grdn_physics_cloth.h; sourceTree = "<group>"; };
		57CE907C20BE4447004D69E7 /* grdn_physics.c */ = {isa = PBXFileReference; fileEncoding = 4; lastKnownFileType = sourcecode.c.c; path = grdn_physics.c; sourceTree = "<group>"; };
		57D2AF381FC2569700CCAD5C /* vmap.h */ = {isa = PBXFileReference; fileEncoding = 4; lastKnownFileType = sourcecode.c.h; path = vmap.h; sourceTree = "<group>"; };
		57D2AF391FC2569700CCAD5C /* vmap.cpp */ = {isa = PBXFileReference; fileEncoding = 4; lastKnownFileType = sourcecode.cpp.cpp; path = vmap.cpp; sourceTree = "<group>"; };
		57D2AF3C1FC2571E00CCAD5C /* g_water.h */ = {isa = PBXFileReference; lastKnownFileType = sourcecode.c.h; path = g_water.h; sourceTree = "<group>"; };
		57D2AF3D1FC2571E00CCAD5C /* g_water.c */ = {isa = PBXFileReference; lastKnownFileType = sourcecode.c.c; path = g_water.c; sourceTree = "<group>"; };
		57D2AFB41FC3BA1200CCAD5C /* g_particle_emitter.h */ = {isa = PBXFileReference; lastKnownFileType = sourcecode.c.h; path = g_particle_emitter.h; sourceTree = "<group>"; };
		57D2AFB51FC3BA1200CCAD5C /* g_particle_emitter.c */ = {isa = PBXFileReference; lastKnownFileType = sourcecode.c.c; path = g_particle_emitter.c; sourceTree = "<group>"; };
		57D2AFB81FC4848E00CCAD5C /* g_particle_system.h */ = {isa = PBXFileReference; lastKnownFileType = sourcecode.c.h; path = g_particle_system.h; sourceTree = "<group>"; };
		57D2AFB91FC4848E00CCAD5C /* g_particle_system.c */ = {isa = PBXFileReference; lastKnownFileType = sourcecode.c.c; path = g_particle_system.c; sourceTree = "<group>"; };
		57D2AFC81FC93BE000CCAD5C /* g_factory.c */ = {isa = PBXFileReference; fileEncoding = 4; lastKnownFileType = sourcecode.c.c; path = g_factory.c; sourceTree = "<group>"; };
		57D2AFC91FC93BE100CCAD5C /* g_factory.h */ = {isa = PBXFileReference; fileEncoding = 4; lastKnownFileType = sourcecode.c.h; path = g_factory.h; sourceTree = "<group>"; };
		57D2AFCA1FC93BE100CCAD5C /* g_sticky.c */ = {isa = PBXFileReference; fileEncoding = 4; lastKnownFileType = sourcecode.c.c; path = g_sticky.c; sourceTree = "<group>"; };
		57D2AFCB1FC93BE100CCAD5C /* g_sticky.h */ = {isa = PBXFileReference; fileEncoding = 4; lastKnownFileType = sourcecode.c.h; path = g_sticky.h; sourceTree = "<group>"; };
		57D2AFD61FCB83D000CCAD5C /* g_render.h */ = {isa = PBXFileReference; lastKnownFileType = sourcecode.c.h; path = g_render.h; sourceTree = "<group>"; };
		57D2AFD71FCB83D000CCAD5C /* g_render.c */ = {isa = PBXFileReference; lastKnownFileType = sourcecode.c.c; path = g_render.c; sourceTree = "<group>"; };
		57E29A8B1FB2994F00B14235 /* g_map.c */ = {isa = PBXFileReference; fileEncoding = 4; lastKnownFileType = sourcecode.c.c; path = g_map.c; sourceTree = "<group>"; };
		57E29A8C1FB2994F00B14235 /* g_map.h */ = {isa = PBXFileReference; fileEncoding = 4; lastKnownFileType = sourcecode.c.h; path = g_map.h; sourceTree = "<group>"; };
		57E624C721BB503F00936385 /* grdn_log.h */ = {isa = PBXFileReference; lastKnownFileType = sourcecode.c.h; path = grdn_log.h; sourceTree = "<group>"; };
		57E624C821BB503F00936385 /* grdn_log.c */ = {isa = PBXFileReference; lastKnownFileType = sourcecode.c.c; path = grdn_log.c; sourceTree = "<group>"; };
		57F8E2B4212907DE005614E7 /* g_entity.c */ = {isa = PBXFileReference; fileEncoding = 4; lastKnownFileType = sourcecode.c.c; path = g_entity.c; sourceTree = "<group>"; };
		57F8E2B5212907DE005614E7 /* g_entity.h */ = {isa = PBXFileReference; fileEncoding = 4; lastKnownFileType = sourcecode.c.h; path = g_entity.h; sourceTree = "<group>"; };
		57F8E2B6212907DE005614E7 /* g_entsys.c */ = {isa = PBXFileReference; fileEncoding = 4; lastKnownFileType = sourcecode.c.c; path = g_entsys.c; sourceTree = "<group>"; };
		57F8E2B7212907DE005614E7 /* g_entsys.h */ = {isa = PBXFileReference; fileEncoding = 4; lastKnownFileType = sourcecode.c.h; path = g_entsys.h; sourceTree = "<group>"; };
		57F8E2BC21290918005614E7 /* g_game.c */ = {isa = PBXFileReference; fileEncoding = 4; lastKnownFileType = sourcecode.c.c; path = g_game.c; sourceTree = "<group>"; };
		57FEFCA01FAEAAB100CBCCE7 /* g_node.c */ = {isa = PBXFileReference; fileEncoding = 4; lastKnownFileType = sourcecode.c.c; path = g_node.c; sourceTree = "<group>"; };
		57FEFCA11FAEAAB100CBCCE7 /* g_node.h */ = {isa = PBXFileReference; fileEncoding = 4; lastKnownFileType = sourcecode.c.h; path = g_node.h; sourceTree = "<group>"; };
		57FEFCA41FAEAAB700CBCCE7 /* g_transform.h */ = {isa = PBXFileReference; fileEncoding = 4; lastKnownFileType = sourcecode.c.h; path = g_transform.h; sourceTree = "<group>"; };
		57FEFCA51FAEAAB700CBCCE7 /* g_transform.c */ = {isa = PBXFileReference; fileEncoding = 4; lastKnownFileType = sourcecode.c.c; path = g_transform.c; sourceTree = "<group>"; };
		D154FF4A1FC4D68300AE014F /* g_particle_affector.h */ = {isa = PBXFileReference; fileEncoding = 4; lastKnownFileType = sourcecode.c.h; path = g_particle_affector.h; sourceTree = "<group>"; };
		D154FF4B1FC4D68300AE014F /* g_particle_affector.c */ = {isa = PBXFileReference; fileEncoding = 4; lastKnownFileType = sourcecode.c.c; path = g_particle_affector.c; sourceTree = "<group>"; };
		D16543FE1E945C360078701E /* libgrdn.a */ = {isa = PBXFileReference; explicitFileType = archive.ar; includeInIndex = 0; path = libgrdn.a; sourceTree = BUILT_PRODUCTS_DIR; };
		D1B18A601E9858850072B87C /* libgrdb_dyn.dylib */ = {isa = PBXFileReference; explicitFileType = "compiled.mach-o.dylib"; includeInIndex = 0; path = libgrdb_dyn.dylib; sourceTree = BUILT_PRODUCTS_DIR; };
		D1DB87EA1F1434D800BA023B /* g_background.c */ = {isa = PBXFileReference; fileEncoding = 4; lastKnownFileType = sourcecode.c.c; path = g_background.c; sourceTree = "<group>"; };
		D1DB87EB1F1434D800BA023B /* g_background.h */ = {isa = PBXFileReference; fileEncoding = 4; lastKnownFileType = sourcecode.c.h; path = g_background.h; sourceTree = "<group>"; };
		D1DB87EC1F1434D800BA023B /* g_camera.c */ = {isa = PBXFileReference; fileEncoding = 4; lastKnownFileType = sourcecode.c.c; path = g_camera.c; sourceTree = "<group>"; };
		D1DB87ED1F1434D800BA023B /* g_camera.h */ = {isa = PBXFileReference; fileEncoding = 4; lastKnownFileType = sourcecode.c.h; path = g_camera.h; sourceTree = "<group>"; };
		D1DB87EE1F1434D800BA023B /* g_textseq.c */ = {isa = PBXFileReference; fileEncoding = 4; lastKnownFileType = sourcecode.c.c; path = g_textseq.c; sourceTree = "<group>"; };
		D1DB87EF1F1434D800BA023B /* g_textseq.h */ = {isa = PBXFileReference; fileEncoding = 4; lastKnownFileType = sourcecode.c.h; path = g_textseq.h; sourceTree = "<group>"; };
		D1DB87F01F1434D800BA023B /* g_weather.c */ = {isa = PBXFileReference; fileEncoding = 4; lastKnownFileType = sourcecode.c.c; path = g_weather.c; sourceTree = "<group>"; };
		D1DB87F11F1434D800BA023B /* g_weather.h */ = {isa = PBXFileReference; fileEncoding = 4; lastKnownFileType = sourcecode.c.h; path = g_weather.h; sourceTree = "<group>"; };
		D1DB88021F1434E100BA023B /* grdn.h */ = {isa = PBXFileReference; fileEncoding = 4; lastKnownFileType = sourcecode.c.h; name = grdn.h; path = ../grdn.h; sourceTree = "<group>"; };
		D1E3CCDF1F84185800BA6CE1 /* g_particle_presets.c */ = {isa = PBXFileReference; fileEncoding = 4; lastKnownFileType = sourcecode.c.c; path = g_particle_presets.c; sourceTree = "<group>"; };
		D1E3CCE01F84185800BA6CE1 /* g_particle_presets.h */ = {isa = PBXFileReference; fileEncoding = 4; lastKnownFileType = sourcecode.c.h; path = g_particle_presets.h; sourceTree = "<group>"; };
		D1E3CCE31F84185F00BA6CE1 /* g_behaviors.c */ = {isa = PBXFileReference; fileEncoding = 4; lastKnownFileType = sourcecode.c.c; path = g_behaviors.c; sourceTree = "<group>"; };
		D1E3CCE41F84185F00BA6CE1 /* g_behaviors.h */ = {isa = PBXFileReference; fileEncoding = 4; lastKnownFileType = sourcecode.c.h; path = g_behaviors.h; sourceTree = "<group>"; };
		D1E733651E95B93E0027A570 /* g_area.c */ = {isa = PBXFileReference; fileEncoding = 4; lastKnownFileType = sourcecode.c.c; path = g_area.c; sourceTree = "<group>"; };
		D1E733661E95B93E0027A570 /* g_area.h */ = {isa = PBXFileReference; fileEncoding = 4; lastKnownFileType = sourcecode.c.h; path = g_area.h; sourceTree = "<group>"; };
		D1E733671E95B93E0027A570 /* g_clock.c */ = {isa = PBXFileReference; fileEncoding = 4; lastKnownFileType = sourcecode.c.c; path = g_clock.c; sourceTree = "<group>"; };
		D1E733681E95B93E0027A570 /* g_clock.h */ = {isa = PBXFileReference; fileEncoding = 4; lastKnownFileType = sourcecode.c.h; path = g_clock.h; sourceTree = "<group>"; };
		D1E733691E95B93E0027A570 /* g_dialog.c */ = {isa = PBXFileReference; fileEncoding = 4; lastKnownFileType = sourcecode.c.c; path = g_dialog.c; sourceTree = "<group>"; };
		D1E7336A1E95B93E0027A570 /* g_dialog.h */ = {isa = PBXFileReference; fileEncoding = 4; lastKnownFileType = sourcecode.c.h; path = g_dialog.h; sourceTree = "<group>"; };
		D1E7336D1E95B93E0027A570 /* g_vecfield.c */ = {isa = PBXFileReference; fileEncoding = 4; lastKnownFileType = sourcecode.c.c; path = g_vecfield.c; sourceTree = "<group>"; };
		D1E7336E1E95B93E0027A570 /* g_vecfield.h */ = {isa = PBXFileReference; fileEncoding = 4; lastKnownFileType = sourcecode.c.h; path = g_vecfield.h; sourceTree = "<group>"; };
		D1E7336F1E95B93E0027A570 /* g_world.c */ = {isa = PBXFileReference; fileEncoding = 4; lastKnownFileType = sourcecode.c.c; path = g_world.c; sourceTree = "<group>"; };
		D1E733701E95B93E0027A570 /* g_world.h */ = {isa = PBXFileReference; fileEncoding = 4; lastKnownFileType = sourcecode.c.h; path = g_world.h; sourceTree = "<group>"; };
/* End PBXFileReference section */

/* Begin PBXFrameworksBuildPhase section */
		5709FF4F2183F34200F3DF17 /* Frameworks */ = {
			isa = PBXFrameworksBuildPhase;
			buildActionMask = 2147483647;
			files = (
			);
			runOnlyForDeploymentPostprocessing = 0;
		};
		D16543FB1E945C360078701E /* Frameworks */ = {
			isa = PBXFrameworksBuildPhase;
			buildActionMask = 2147483647;
			files = (
			);
			runOnlyForDeploymentPostprocessing = 0;
		};
		D1B18A5D1E9858850072B87C /* Frameworks */ = {
			isa = PBXFrameworksBuildPhase;
			buildActionMask = 2147483647;
			files = (
			);
			runOnlyForDeploymentPostprocessing = 0;
		};
/* End PBXFrameworksBuildPhase section */

/* Begin PBXGroup section */
		49F9FFA51F61FE0300D5D7B9 /* comp */ = {
			isa = PBXGroup;
			children = (
				49F9FFA61F61FE1100D5D7B9 /* g_body.c */,
				49F9FFA71F61FE1100D5D7B9 /* g_body.h */,
			);
			path = comp;
			sourceTree = "<group>";
		};
		5730AF941FE7162700EF5C2F /* core */ = {
			isa = PBXGroup;
			children = (
				574399E3209F9A3D009A3A06 /* g_extloader.h */,
				574399E4209F9A3D009A3A06 /* g_extloader.c */,
				574399E7209F9BAD009A3A06 /* g_entity_manager.h */,
				574399E8209F9BAD009A3A06 /* g_entity_manager.c */,
				5730AF961FE7162700EF5C2F /* g_game.h */,
				57F8E2BC21290918005614E7 /* g_game.c */,
			);
			path = core;
			sourceTree = "<group>";
		};
		5749514F1E9AC6D400212EAF /* particle */ = {
			isa = PBXGroup;
			children = (
				574951501E9AC6D400212EAF /* g_attractor.c */,
				574951511E9AC6D400212EAF /* g_attractor.h */,
				D1E3CCE31F84185F00BA6CE1 /* g_behaviors.c */,
				D1E3CCE41F84185F00BA6CE1 /* g_behaviors.h */,
				D154FF4B1FC4D68300AE014F /* g_particle_affector.c */,
				D154FF4A1FC4D68300AE014F /* g_particle_affector.h */,
				57D2AFB51FC3BA1200CCAD5C /* g_particle_emitter.c */,
				57D2AFB41FC3BA1200CCAD5C /* g_particle_emitter.h */,
				5797936121632A7C00A0F4DA /* g_particle_flock.c */,
				5797936021632A7C00A0F4DA /* g_particle_flock.h */,
				D1E3CCDF1F84185800BA6CE1 /* g_particle_presets.c */,
				D1E3CCE01F84185800BA6CE1 /* g_particle_presets.h */,
				57D2AFB91FC4848E00CCAD5C /* g_particle_system.c */,
				57D2AFB81FC4848E00CCAD5C /* g_particle_system.h */,
				574951531E9AC6D400212EAF /* g_particle.c */,
				574951541E9AC6D400212EAF /* g_particle.h */,
				574951561E9AC6D400212EAF /* g_particlesystem.c */,
				574951571E9AC6D400212EAF /* g_particlesystem.h */,
			);
			path = particle;
			sourceTree = "<group>";
		};
		5749516B1E9AC6D900212EAF /* physics */ = {
			isa = PBXGroup;
			children = (
				57CE907A20BE4446004D69E7 /* grdn_physics_cloth.c */,
				57CE907B20BE4446004D69E7 /* grdn_physics_cloth.h */,
				57CE907C20BE4447004D69E7 /* grdn_physics.c */,
				57CE907920BE4446004D69E7 /* grdn_physics.h */,
				57CE907520BE4297004D69E7 /* grdn_physics_space.c */,
				57CE907620BE4297004D69E7 /* grdn_physics_space.h */,
			);
			path = physics;
			sourceTree = "<group>";
		};
		578174D11FBA955E00E004F4 /* story */ = {
			isa = PBXGroup;
			children = (
				578174D81FBA958E00E004F4 /* g_story.c */,
				578174D71FBA958E00E004F4 /* g_story.h */,
				5756145D218E5C510040B44C /* grdn_dialog.c */,
				5756145C218E5C510040B44C /* grdn_dialog.h */,
				57561465218E5D490040B44C /* grdn_dialognode.c */,
				57561464218E5D490040B44C /* grdn_dialognode.h */,
				57561461218E5D210040B44C /* grdn_dialogtree.c */,
				57561460218E5D210040B44C /* grdn_dialogtree.h */,
			);
			path = story;
			sourceTree = "<group>";
		};
		57A004E81F721717003231CC /* util */ = {
			isa = PBXGroup;
			children = (
				57A004E91F721717003231CC /* g_serial.c */,
				57A004EA1F721717003231CC /* g_serial.h */,
				57E624C721BB503F00936385 /* grdn_log.h */,
				57E624C821BB503F00936385 /* grdn_log.c */,
			);
			path = util;
			sourceTree = "<group>";
		};
		57A005501F7398C8003231CC /* ent */ = {
			isa = PBXGroup;
			children = (
				57F8E2B4212907DE005614E7 /* g_entity.c */,
				57F8E2B5212907DE005614E7 /* g_entity.h */,
				57F8E2B6212907DE005614E7 /* g_entsys.c */,
				57F8E2B7212907DE005614E7 /* g_entsys.h */,
				57D2AFC81FC93BE000CCAD5C /* g_factory.c */,
				57D2AFC91FC93BE100CCAD5C /* g_factory.h */,
				57D2AFCA1FC93BE100CCAD5C /* g_sticky.c */,
				57D2AFCB1FC93BE100CCAD5C /* g_sticky.h */,
				57A005511F7398C8003231CC /* g_think.c */,
				57A005521F7398C8003231CC /* g_think.h */,
				5759736A21BB5ECB0033EF48 /* grdn_action_mgr.c */,
				5759736921BB5ECB0033EF48 /* grdn_action_mgr.h */,
				57ADF19621BB38A30099756F /* grdn_entity_subscriber.c */,
				57ADF19521BB38A30099756F /* grdn_entity_subscriber.h */,
			);
			path = ent;
			sourceTree = "<group>";
		};
		57B35596206590B900C73A8E /* comp */ = {
			isa = PBXGroup;
			children = (
				57B3559A206590B900C73A8E /* g_body.c */,
				57B35597206590B900C73A8E /* g_body.h */,
				5708AA00208FF89800A9E776 /* g_drawable.h */,
				5708AA01208FF89800A9E776 /* g_drawable.c */,
				57B3559B206590B900C73A8E /* g_jpred.h */,
				57B35598206590B900C73A8E /* g_jpred.c */,
				57B35599206590B900C73A8E /* g_dac.c */,
				57B3559C206590B900C73A8E /* g_dac.h */,
			);
			path = comp;
			sourceTree = "<group>";
		};
		57B355A3206590CD00C73A8E /* Frameworks */ = {
			isa = PBXGroup;
			children = (
				57B355A6206590F300C73A8E /* libstdc++.tbd */,
				57B355A4206590CE00C73A8E /* libc++.tbd */,
			);
			name = Frameworks;
			sourceTree = "<group>";
		};
		57D2AF371FC2569700CCAD5C /* lang */ = {
			isa = PBXGroup;
			children = (
				57D2AF381FC2569700CCAD5C /* vmap.h */,
				57D2AF391FC2569700CCAD5C /* vmap.cpp */,
			);
			path = lang;
			sourceTree = "<group>";
		};
		57D2AFD51FCB83C500CCAD5C /* render */ = {
			isa = PBXGroup;
			children = (
				57437E0C207FDD7900D53A0F /* g_render_wsh.c */,
				57437E0D207FDD7900D53A0F /* g_render_wsh.h */,
				57D2AFD61FCB83D000CCAD5C /* g_render.h */,
				57D2AFD71FCB83D000CCAD5C /* g_render.c */,
			);
			path = render;
			sourceTree = "<group>";
		};
		D16543F51E945C360078701E = {
			isa = PBXGroup;
			children = (
				D1DB88021F1434E100BA023B /* grdn.h */,
				57050B1E1FEAFF9D00C6D4C2 /* grdn.c */,
				D1E733611E95B93E0027A570 /* src */,
				D16543FF1E945C360078701E /* Products */,
				57B355A3206590CD00C73A8E /* Frameworks */,
			);
			sourceTree = "<group>";
		};
		D16543FF1E945C360078701E /* Products */ = {
			isa = PBXGroup;
			children = (
				D16543FE1E945C360078701E /* libgrdn.a */,
				D1B18A601E9858850072B87C /* libgrdb_dyn.dylib */,
				5709FF522183F34200F3DF17 /* libgrdn2.a */,
			);
			name = Products;
			sourceTree = "<group>";
		};
		D1DB87E91F1434D800BA023B /* scene */ = {
			isa = PBXGroup;
			children = (
				D1DB87EA1F1434D800BA023B /* g_background.c */,
				D1DB87EB1F1434D800BA023B /* g_background.h */,
				57A005531F7398FD003231CC /* g_light.c */,
				57A005541F7398FD003231CC /* g_light.h */,
				D1DB87EC1F1434D800BA023B /* g_camera.c */,
				D1DB87ED1F1434D800BA023B /* g_camera.h */,
				D1DB87EE1F1434D800BA023B /* g_textseq.c */,
				D1DB87EF1F1434D800BA023B /* g_textseq.h */,
				D1DB87F01F1434D800BA023B /* g_weather.c */,
				D1DB87F11F1434D800BA023B /* g_weather.h */,
				57D2AF3C1FC2571E00CCAD5C /* g_water.h */,
				57D2AF3D1FC2571E00CCAD5C /* g_water.c */,
			);
			path = scene;
			sourceTree = "<group>";
		};
		D1E733611E95B93E0027A570 /* src */ = {
			isa = PBXGroup;
			children = (
				57B35596206590B900C73A8E /* comp */,
				5730AF941FE7162700EF5C2F /* core */,
				578174D11FBA955E00E004F4 /* story */,
				57D2AF371FC2569700CCAD5C /* lang */,
				49F9FFA51F61FE0300D5D7B9 /* comp */,
				57D2AFD51FCB83C500CCAD5C /* render */,
				D1DB87E91F1434D800BA023B /* scene */,
				57A005501F7398C8003231CC /* ent */,
				5749516B1E9AC6D900212EAF /* physics */,
				5749514F1E9AC6D400212EAF /* particle */,
				D1E733621E95B93E0027A570 /* env */,
				57A004E81F721717003231CC /* util */,
			);
			name = src;
			path = ../src;
			sourceTree = "<group>";
		};
		D1E733621E95B93E0027A570 /* env */ = {
			isa = PBXGroup;
			children = (
				57E29A8B1FB2994F00B14235 /* g_map.c */,
				57E29A8C1FB2994F00B14235 /* g_map.h */,
				D1E733651E95B93E0027A570 /* g_area.c */,
				D1E733661E95B93E0027A570 /* g_area.h */,
				57FEFCA01FAEAAB100CBCCE7 /* g_node.c */,
				57FEFCA11FAEAAB100CBCCE7 /* g_node.h */,
				57FEFCA51FAEAAB700CBCCE7 /* g_transform.c */,
				57FEFCA41FAEAAB700CBCCE7 /* g_transform.h */,
				D1E733681E95B93E0027A570 /* g_clock.h */,
				D1E733671E95B93E0027A570 /* g_clock.c */,
				D1E733691E95B93E0027A570 /* g_dialog.c */,
				D1E7336A1E95B93E0027A570 /* g_dialog.h */,
				57A0E4401FFF173000923E44 /* g_player.h */,
				57A0E4411FFF173000923E44 /* g_player.c */,
				5781AFC020868B97003659FD /* g_npc.h */,
				5781AFC120868B97003659FD /* g_npc.c */,
				D1E7336D1E95B93E0027A570 /* g_vecfield.c */,
				D1E7336E1E95B93E0027A570 /* g_vecfield.h */,
				D1E7336F1E95B93E0027A570 /* g_world.c */,
				D1E733701E95B93E0027A570 /* g_world.h */,
			);
			path = env;
			sourceTree = "<group>";
		};
/* End PBXGroup section */

/* Begin PBXHeadersBuildPhase section */
		5709FF502183F34200F3DF17 /* Headers */ = {
			isa = PBXHeadersBuildPhase;
			buildActionMask = 2147483647;
			files = (
			);
			runOnlyForDeploymentPostprocessing = 0;
		};
		D16543FC1E945C360078701E /* Headers */ = {
			isa = PBXHeadersBuildPhase;
			buildActionMask = 2147483647;
			files = (
				57D2AF3A1FC2569700CCAD5C /* vmap.h in Headers */,
				57F8E2BB212907DE005614E7 /* g_entsys.h in Headers */,
				5756145E218E5C510040B44C /* grdn_dialog.h in Headers */,
				57D2AFCF1FC93BE100CCAD5C /* g_sticky.h in Headers */,
				574399E5209F9A3D009A3A06 /* g_extloader.h in Headers */,
				5730AF981FE7162700EF5C2F /* g_game.h in Headers */,
				5759736B21BB5ECB0033EF48 /* grdn_action_mgr.h in Headers */,
				57B355A2206590BA00C73A8E /* g_dac.h in Headers */,
				57A005571F7398FD003231CC /* g_light.h in Headers */,
				57D2AFCD1FC93BE100CCAD5C /* g_factory.h in Headers */,
				574951611E9AC6D400212EAF /* g_particle.h in Headers */,
				57D2AFD81FCB83D000CCAD5C /* g_render.h in Headers */,
				D1E3CCE21F84185800BA6CE1 /* g_particle_presets.h in Headers */,
				57E624C921BB503F00936385 /* grdn_log.h in Headers */,
				5708AA02208FF89800A9E776 /* g_drawable.h in Headers */,
				D1E3CCE61F84185F00BA6CE1 /* g_behaviors.h in Headers */,
				5781AFC220868B97003659FD /* g_npc.h in Headers */,
				57D2AFB61FC3BA1200CCAD5C /* g_particle_emitter.h in Headers */,
				57D2AFBA1FC4848E00CCAD5C /* g_particle_system.h in Headers */,
				57A0E4421FFF173000923E44 /* g_player.h in Headers */,
				57B355A1206590BA00C73A8E /* g_jpred.h in Headers */,
				D1DB87FC1F1434D800BA023B /* g_textseq.h in Headers */,
				49F9FFA91F61FE1100D5D7B9 /* g_body.h in Headers */,
				57CE907F20BE4447004D69E7 /* grdn_physics_cloth.h in Headers */,
				57D2AF3E1FC2571E00CCAD5C /* g_water.h in Headers */,
				D1DB87F81F1434D800BA023B /* g_camera.h in Headers */,
				57ADF19721BB38A30099756F /* grdn_entity_subscriber.h in Headers */,
				574399E9209F9BAD009A3A06 /* g_entity_manager.h in Headers */,
				574951671E9AC6D400212EAF /* g_particlesystem.h in Headers */,
				57437E0F207FDD7900D53A0F /* g_render_wsh.h in Headers */,
				57F8E2B9212907DE005614E7 /* g_entity.h in Headers */,
				57FEFCA61FAEAAB700CBCCE7 /* g_transform.h in Headers */,
				57561462218E5D210040B44C /* grdn_dialogtree.h in Headers */,
				5797936221632A7C00A0F4DA /* g_particle_flock.h in Headers */,
				57CE907D20BE4447004D69E7 /* grdn_physics.h in Headers */,
				D1DB88031F1434E100BA023B /* grdn.h in Headers */,
				D154FF4C1FC4D68300AE014F /* g_particle_affector.h in Headers */,
				D1E7337D1E95B93E0027A570 /* g_vecfield.h in Headers */,
				D1E733751E95B93E0027A570 /* g_area.h in Headers */,
				57CE907820BE4297004D69E7 /* grdn_physics_space.h in Headers */,
				57FEFCA31FAEAAB100CBCCE7 /* g_node.h in Headers */,
				D1E733791E95B93E0027A570 /* g_dialog.h in Headers */,
				D1E7337F1E95B93E0027A570 /* g_world.h in Headers */,
				57561466218E5D490040B44C /* grdn_dialognode.h in Headers */,
				D1E733771E95B93E0027A570 /* g_clock.h in Headers */,
				D1DB87F41F1434D800BA023B /* g_background.h in Headers */,
				5749515B1E9AC6D400212EAF /* g_attractor.h in Headers */,
				D1DB88001F1434D800BA023B /* g_weather.h in Headers */,
				578174D91FBA958E00E004F4 /* g_story.h in Headers */,
				57E29A8E1FB2994F00B14235 /* g_map.h in Headers */,
			);
			runOnlyForDeploymentPostprocessing = 0;
		};
		D1B18A5E1E9858850072B87C /* Headers */ = {
			isa = PBXHeadersBuildPhase;
			buildActionMask = 2147483647;
			files = (
				5749515C1E9AC6D400212EAF /* g_attractor.h in Headers */,
				57A005581F7398FD003231CC /* g_light.h in Headers */,
				D1DB87F91F1434D800BA023B /* g_camera.h in Headers */,
				D1DB88041F1434E100BA023B /* grdn.h in Headers */,
				574951621E9AC6D400212EAF /* g_particle.h in Headers */,
				D1DB87FD1F1434D800BA023B /* g_textseq.h in Headers */,
				D1DB87F51F1434D800BA023B /* g_background.h in Headers */,
				574951681E9AC6D400212EAF /* g_particlesystem.h in Headers */,
				D1DB88011F1434D800BA023B /* g_weather.h in Headers */,
			);
			runOnlyForDeploymentPostprocessing = 0;
		};
/* End PBXHeadersBuildPhase section */

/* Begin PBXNativeTarget section */
		5709FF512183F34200F3DF17 /* grdn2 */ = {
			isa = PBXNativeTarget;
			buildConfigurationList = 5709FF552183F34200F3DF17 /* Build configuration list for PBXNativeTarget "grdn2" */;
			buildPhases = (
				5709FF4E2183F34200F3DF17 /* Sources */,
				5709FF4F2183F34200F3DF17 /* Frameworks */,
				5709FF502183F34200F3DF17 /* Headers */,
			);
			buildRules = (
			);
			dependencies = (
			);
			name = grdn2;
			productName = grdn2;
			productReference = 5709FF522183F34200F3DF17 /* libgrdn2.a */;
			productType = "com.apple.product-type.library.static";
		};
		D16543FD1E945C360078701E /* grdn */ = {
			isa = PBXNativeTarget;
			buildConfigurationList = D16544021E945C360078701E /* Build configuration list for PBXNativeTarget "grdn" */;
			buildPhases = (
				D16543FA1E945C360078701E /* Sources */,
				D16543FB1E945C360078701E /* Frameworks */,
				D16543FC1E945C360078701E /* Headers */,
			);
			buildRules = (
			);
			dependencies = (
			);
			name = grdn;
			productName = grdn;
			productReference = D16543FE1E945C360078701E /* libgrdn.a */;
			productType = "com.apple.product-type.library.static";
		};
		D1B18A5F1E9858850072B87C /* grdb_dyn */ = {
			isa = PBXNativeTarget;
			buildConfigurationList = D1B18A631E9858850072B87C /* Build configuration list for PBXNativeTarget "grdb_dyn" */;
			buildPhases = (
				D1B18A5C1E9858850072B87C /* Sources */,
				D1B18A5D1E9858850072B87C /* Frameworks */,
				D1B18A5E1E9858850072B87C /* Headers */,
			);
			buildRules = (
			);
			dependencies = (
			);
			name = grdb_dyn;
			productName = grdb_dyn;
			productReference = D1B18A601E9858850072B87C /* libgrdb_dyn.dylib */;
			productType = "com.apple.product-type.library.dynamic";
		};
/* End PBXNativeTarget section */

/* Begin PBXProject section */
		D16543F61E945C360078701E /* Project object */ = {
			isa = PBXProject;
			attributes = {
				LastUpgradeCheck = 0930;
				ORGANIZATIONNAME = ruminant;
				TargetAttributes = {
					5709FF512183F34200F3DF17 = {
						CreatedOnToolsVersion = 9.4.1;
						DevelopmentTeam = W7MSG2FEA9;
						ProvisioningStyle = Automatic;
					};
					D16543FD1E945C360078701E = {
						CreatedOnToolsVersion = 8.2.1;
						DevelopmentTeam = 42R5XUY266;
						ProvisioningStyle = Automatic;
					};
					D1B18A5F1E9858850072B87C = {
						CreatedOnToolsVersion = 8.2.1;
						DevelopmentTeam = 42R5XUY266;
						ProvisioningStyle = Automatic;
					};
				};
			};
			buildConfigurationList = D16543F91E945C360078701E /* Build configuration list for PBXProject "grdn" */;
			compatibilityVersion = "Xcode 3.2";
			developmentRegion = English;
			hasScannedForEncodings = 0;
			knownRegions = (
				en,
			);
			mainGroup = D16543F51E945C360078701E;
			productRefGroup = D16543FF1E945C360078701E /* Products */;
			projectDirPath = "";
			projectRoot = "";
			targets = (
				D16543FD1E945C360078701E /* grdn */,
				D1B18A5F1E9858850072B87C /* grdb_dyn */,
				5709FF512183F34200F3DF17 /* grdn2 */,
			);
		};
/* End PBXProject section */

/* Begin PBXSourcesBuildPhase section */
		5709FF4E2183F34200F3DF17 /* Sources */ = {
			isa = PBXSourcesBuildPhase;
			buildActionMask = 2147483647;
			files = (
				5709FF562183F36500F3DF17 /* g_body.c in Sources */,
				5709FF572183F36500F3DF17 /* g_drawable.c in Sources */,
				5709FF582183F36500F3DF17 /* g_jpred.c in Sources */,
				5709FF592183F36500F3DF17 /* g_dac.c in Sources */,
			);
			runOnlyForDeploymentPostprocessing = 0;
		};
		D16543FA1E945C360078701E /* Sources */ = {
			isa = PBXSourcesBuildPhase;
			buildActionMask = 2147483647;
			files = (
				D1E733741E95B93E0027A570 /* g_area.c in Sources */,
				57B3559E206590BA00C73A8E /* g_jpred.c in Sources */,
				D1DB87F61F1434D800BA023B /* g_camera.c in Sources */,
				57CE907E20BE4447004D69E7 /* grdn_physics_cloth.c in Sources */,
				57ADF19821BB38A30099756F /* grdn_entity_subscriber.c in Sources */,
				57E624CA21BB503F00936385 /* grdn_log.c in Sources */,
				57D2AFB71FC3BA1200CCAD5C /* g_particle_emitter.c in Sources */,
				57D2AFCC1FC93BE100CCAD5C /* g_factory.c in Sources */,
				57F8E2BA212907DE005614E7 /* g_entsys.c in Sources */,
				57F8E2B8212907DE005614E7 /* g_entity.c in Sources */,
				57561463218E5D210040B44C /* grdn_dialogtree.c in Sources */,
				5708AA03208FF89800A9E776 /* g_drawable.c in Sources */,
				D1E7337C1E95B93E0027A570 /* g_vecfield.c in Sources */,
				D1E7337E1E95B93E0027A570 /* g_world.c in Sources */,
				57D2AF3F1FC2571E00CCAD5C /* g_water.c in Sources */,
				574951591E9AC6D400212EAF /* g_attractor.c in Sources */,
				57D2AF3B1FC2569700CCAD5C /* vmap.cpp in Sources */,
				5749515F1E9AC6D400212EAF /* g_particle.c in Sources */,
				57CE908020BE4447004D69E7 /* grdn_physics.c in Sources */,
				57CE907720BE4297004D69E7 /* grdn_physics_space.c in Sources */,
				D1DB87FA1F1434D800BA023B /* g_textseq.c in Sources */,
				578174DA1FBA958E00E004F4 /* g_story.c in Sources */,
				57E29A8D1FB2994F00B14235 /* g_map.c in Sources */,
				57A005551F7398FD003231CC /* g_light.c in Sources */,
				574951651E9AC6D400212EAF /* g_particlesystem.c in Sources */,
				57D2AFBB1FC4848E00CCAD5C /* g_particle_system.c in Sources */,
				57FEFCA71FAEAAB700CBCCE7 /* g_transform.c in Sources */,
				5759736C21BB5ECB0033EF48 /* grdn_action_mgr.c in Sources */,
				57D2AFD91FCB83D000CCAD5C /* g_render.c in Sources */,
				57050B1F1FEAFF9D00C6D4C2 /* grdn.c in Sources */,
				D154FF4D1FC4D68300AE014F /* g_particle_affector.c in Sources */,
				D1E733781E95B93E0027A570 /* g_dialog.c in Sources */,
				57A0E4431FFF173000923E44 /* g_player.c in Sources */,
				57D2AFCE1FC93BE100CCAD5C /* g_sticky.c in Sources */,
				D1DB87F21F1434D800BA023B /* g_background.c in Sources */,
				57B355A0206590BA00C73A8E /* g_body.c in Sources */,
				5756145F218E5C510040B44C /* grdn_dialog.c in Sources */,
				57561467218E5D490040B44C /* grdn_dialognode.c in Sources */,
				57B3559F206590BA00C73A8E /* g_dac.c in Sources */,
				57FEFCA21FAEAAB100CBCCE7 /* g_node.c in Sources */,
				5781AFC320868B97003659FD /* g_npc.c in Sources */,
				D1E3CCE51F84185F00BA6CE1 /* g_behaviors.c in Sources */,
				57F8E2BD21290918005614E7 /* g_game.c in Sources */,
				D1E733761E95B93E0027A570 /* g_clock.c in Sources */,
				57F8E2BE21290C06005614E7 /* g_think.c in Sources */,
				D1E3CCE11F84185800BA6CE1 /* g_particle_presets.c in Sources */,
				5797936321632A7C00A0F4DA /* g_particle_flock.c in Sources */,
				574399EA209F9BAD009A3A06 /* g_entity_manager.c in Sources */,
				574399E6209F9A3D009A3A06 /* g_extloader.c in Sources */,
				D1DB87FE1F1434D800BA023B /* g_weather.c in Sources */,
				57437E0E207FDD7900D53A0F /* g_render_wsh.c in Sources */,
			);
			runOnlyForDeploymentPostprocessing = 0;
		};
		D1B18A5C1E9858850072B87C /* Sources */ = {
			isa = PBXSourcesBuildPhase;
			buildActionMask = 2147483647;
			files = (
				D1DB87F71F1434D800BA023B /* g_camera.c in Sources */,
				D1B18A651E9858950072B87C /* g_area.c in Sources */,
				D1B18A661E9858950072B87C /* g_clock.c in Sources */,
				5749515A1E9AC6D400212EAF /* g_attractor.c in Sources */,
				574951601E9AC6D400212EAF /* g_particle.c in Sources */,
				D1DB87FB1F1434D800BA023B /* g_textseq.c in Sources */,
				D1B18A671E9858950072B87C /* g_dialog.c in Sources */,
				57A005561F7398FD003231CC /* g_light.c in Sources */,
				574951661E9AC6D400212EAF /* g_particlesystem.c in Sources */,
				D1B18A691E9858950072B87C /* g_vecfield.c in Sources */,
				D1DB87F31F1434D800BA023B /* g_background.c in Sources */,
				D1B18A6A1E9858950072B87C /* g_world.c in Sources */,
				D1DB87FF1F1434D800BA023B /* g_weather.c in Sources */,
			);
			runOnlyForDeploymentPostprocessing = 0;
		};
/* End PBXSourcesBuildPhase section */

/* Begin XCBuildConfiguration section */
		5709FF532183F34200F3DF17 /* Debug */ = {
			isa = XCBuildConfiguration;
			buildSettings = {
				CLANG_ANALYZER_NUMBER_OBJECT_CONVERSION = YES_AGGRESSIVE;
				CLANG_CXX_LANGUAGE_STANDARD = "gnu++14";
				CLANG_ENABLE_MODULES = YES;
				CLANG_ENABLE_OBJC_WEAK = YES;
				CLANG_WARN_UNGUARDED_AVAILABILITY = YES_AGGRESSIVE;
				CODE_SIGN_IDENTITY = "Mac Developer";
				CODE_SIGN_STYLE = Automatic;
				DEVELOPMENT_TEAM = W7MSG2FEA9;
				EXECUTABLE_PREFIX = lib;
				GCC_C_LANGUAGE_STANDARD = gnu11;
				MACOSX_DEPLOYMENT_TARGET = 10.13;
				PRODUCT_NAME = "$(TARGET_NAME)";
				SKIP_INSTALL = YES;
			};
			name = Debug;
		};
		5709FF542183F34200F3DF17 /* Release */ = {
			isa = XCBuildConfiguration;
			buildSettings = {
				CLANG_ANALYZER_NUMBER_OBJECT_CONVERSION = YES_AGGRESSIVE;
				CLANG_CXX_LANGUAGE_STANDARD = "gnu++14";
				CLANG_ENABLE_MODULES = YES;
				CLANG_ENABLE_OBJC_WEAK = YES;
				CLANG_WARN_UNGUARDED_AVAILABILITY = YES_AGGRESSIVE;
				CODE_SIGN_IDENTITY = "Mac Developer";
				CODE_SIGN_STYLE = Automatic;
				DEVELOPMENT_TEAM = W7MSG2FEA9;
				EXECUTABLE_PREFIX = lib;
				GCC_C_LANGUAGE_STANDARD = gnu11;
				MACOSX_DEPLOYMENT_TARGET = 10.13;
				PRODUCT_NAME = "$(TARGET_NAME)";
				SKIP_INSTALL = YES;
			};
			name = Release;
		};
		D16544001E945C360078701E /* Debug */ = {
			isa = XCBuildConfiguration;
			buildSettings = {
				ALWAYS_SEARCH_USER_PATHS = NO;
				CLANG_ANALYZER_NONNULL = YES;
				CLANG_CXX_LANGUAGE_STANDARD = "gnu++0x";
				CLANG_CXX_LIBRARY = "libc++";
				CLANG_ENABLE_MODULES = NO;
				CLANG_ENABLE_OBJC_ARC = YES;
				CLANG_MODULES_AUTOLINK = NO;
				CLANG_WARN_BLOCK_CAPTURE_AUTORELEASING = YES;
				CLANG_WARN_BOOL_CONVERSION = YES;
				CLANG_WARN_COMMA = YES;
				CLANG_WARN_CONSTANT_CONVERSION = YES;
				CLANG_WARN_DEPRECATED_OBJC_IMPLEMENTATIONS = YES;
				CLANG_WARN_DIRECT_OBJC_ISA_USAGE = YES_ERROR;
				CLANG_WARN_DOCUMENTATION_COMMENTS = YES;
				CLANG_WARN_EMPTY_BODY = YES;
				CLANG_WARN_ENUM_CONVERSION = YES;
				CLANG_WARN_INFINITE_RECURSION = YES;
				CLANG_WARN_INT_CONVERSION = YES;
				CLANG_WARN_NON_LITERAL_NULL_CONVERSION = YES;
				CLANG_WARN_OBJC_IMPLICIT_RETAIN_SELF = YES;
				CLANG_WARN_OBJC_LITERAL_CONVERSION = YES;
				CLANG_WARN_OBJC_ROOT_CLASS = YES_ERROR;
				CLANG_WARN_RANGE_LOOP_ANALYSIS = YES;
				CLANG_WARN_STRICT_PROTOTYPES = YES;
				CLANG_WARN_SUSPICIOUS_MOVE = YES;
				CLANG_WARN_UNREACHABLE_CODE = YES;
				CLANG_WARN__DUPLICATE_METHOD_MATCH = YES;
				CODE_SIGN_IDENTITY = "-";
				COPY_PHASE_STRIP = NO;
				DEBUG_INFORMATION_FORMAT = dwarf;
				ENABLE_STRICT_OBJC_MSGSEND = YES;
				ENABLE_TESTABILITY = YES;
				GCC_C_LANGUAGE_STANDARD = gnu99;
				GCC_DYNAMIC_NO_PIC = NO;
				GCC_NO_COMMON_BLOCKS = YES;
				GCC_OPTIMIZATION_LEVEL = 0;
				GCC_PREPROCESSOR_DEFINITIONS = (
					"DEBUG=1",
					"$(inherited)",
				);
				GCC_WARN_64_TO_32_BIT_CONVERSION = YES;
				GCC_WARN_ABOUT_RETURN_TYPE = YES_ERROR;
				GCC_WARN_UNDECLARED_SELECTOR = YES;
				GCC_WARN_UNINITIALIZED_AUTOS = YES_AGGRESSIVE;
				GCC_WARN_UNUSED_FUNCTION = YES;
				GCC_WARN_UNUSED_VARIABLE = YES;
				MACOSX_DEPLOYMENT_TARGET = 10.7;
				MTL_ENABLE_DEBUG_INFO = YES;
				ONLY_ACTIVE_ARCH = YES;
				SDKROOT = macosx;
			};
			name = Debug;
		};
		D16544011E945C360078701E /* Release */ = {
			isa = XCBuildConfiguration;
			buildSettings = {
				ALWAYS_SEARCH_USER_PATHS = NO;
				CLANG_ANALYZER_NONNULL = YES;
				CLANG_CXX_LANGUAGE_STANDARD = "gnu++0x";
				CLANG_CXX_LIBRARY = "libc++";
				CLANG_ENABLE_MODULES = NO;
				CLANG_ENABLE_OBJC_ARC = YES;
				CLANG_MODULES_AUTOLINK = NO;
				CLANG_WARN_BLOCK_CAPTURE_AUTORELEASING = YES;
				CLANG_WARN_BOOL_CONVERSION = YES;
				CLANG_WARN_COMMA = YES;
				CLANG_WARN_CONSTANT_CONVERSION = YES;
				CLANG_WARN_DEPRECATED_OBJC_IMPLEMENTATIONS = YES;
				CLANG_WARN_DIRECT_OBJC_ISA_USAGE = YES_ERROR;
				CLANG_WARN_DOCUMENTATION_COMMENTS = YES;
				CLANG_WARN_EMPTY_BODY = YES;
				CLANG_WARN_ENUM_CONVERSION = YES;
				CLANG_WARN_INFINITE_RECURSION = YES;
				CLANG_WARN_INT_CONVERSION = YES;
				CLANG_WARN_NON_LITERAL_NULL_CONVERSION = YES;
				CLANG_WARN_OBJC_IMPLICIT_RETAIN_SELF = YES;
				CLANG_WARN_OBJC_LITERAL_CONVERSION = YES;
				CLANG_WARN_OBJC_ROOT_CLASS = YES_ERROR;
				CLANG_WARN_RANGE_LOOP_ANALYSIS = YES;
				CLANG_WARN_STRICT_PROTOTYPES = YES;
				CLANG_WARN_SUSPICIOUS_MOVE = YES;
				CLANG_WARN_UNREACHABLE_CODE = YES;
				CLANG_WARN__DUPLICATE_METHOD_MATCH = YES;
				CODE_SIGN_IDENTITY = "-";
				COPY_PHASE_STRIP = NO;
				DEBUG_INFORMATION_FORMAT = "dwarf-with-dsym";
				ENABLE_NS_ASSERTIONS = NO;
				ENABLE_STRICT_OBJC_MSGSEND = YES;
				GCC_C_LANGUAGE_STANDARD = gnu99;
				GCC_NO_COMMON_BLOCKS = YES;
				GCC_WARN_64_TO_32_BIT_CONVERSION = YES;
				GCC_WARN_ABOUT_RETURN_TYPE = YES_ERROR;
				GCC_WARN_UNDECLARED_SELECTOR = YES;
				GCC_WARN_UNINITIALIZED_AUTOS = YES_AGGRESSIVE;
				GCC_WARN_UNUSED_FUNCTION = YES;
				GCC_WARN_UNUSED_VARIABLE = YES;
				MACOSX_DEPLOYMENT_TARGET = 10.7;
				MTL_ENABLE_DEBUG_INFO = NO;
				SDKROOT = macosx;
			};
			name = Release;
		};
		D16544031E945C360078701E /* Debug */ = {
			isa = XCBuildConfiguration;
			buildSettings = {
				DEVELOPMENT_TEAM = 42R5XUY266;
				EXECUTABLE_PREFIX = lib;
				HEADER_SEARCH_PATHS = (
					/usr/local/include,
					"$(r4_root)/libs",
					"$(r4_root)/contrib/deps",
					"$(r4_root)/contrib",
					"$(r4_root)/contrib/include",
					../contrib,
					/opt/X11/include,
				);
				MACOSX_DEPLOYMENT_TARGET = 10.7;
				PRODUCT_NAME = "$(TARGET_NAME)";
				SYMROOT = ../../../build;
				r4_root = "$(HOME)/art/r4";
			};
			name = Debug;
		};
		D16544041E945C360078701E /* Release */ = {
			isa = XCBuildConfiguration;
			buildSettings = {
				DEVELOPMENT_TEAM = 42R5XUY266;
				EXECUTABLE_PREFIX = lib;
				HEADER_SEARCH_PATHS = (
					/usr/local/include,
					"$(r4_root)/libs",
					"$(r4_root)/contrib/deps",
					"$(r4_root)/contrib",
					"$(r4_root)/contrib/include",
					../contrib,
					/opt/X11/include,
				);
				MACOSX_DEPLOYMENT_TARGET = 10.7;
				PRODUCT_NAME = "$(TARGET_NAME)";
				SYMROOT = ../../../build;
				r4_root = "$(HOME)/art/r4";
			};
			name = Release;
		};
		D1B18A611E9858850072B87C /* Debug */ = {
			isa = XCBuildConfiguration;
			buildSettings = {
				DEVELOPMENT_TEAM = 42R5XUY266;
				DYLIB_COMPATIBILITY_VERSION = 1;
				DYLIB_CURRENT_VERSION = 1;
				EXECUTABLE_PREFIX = lib;
				PRODUCT_NAME = "$(TARGET_NAME)";
			};
			name = Debug;
		};
		D1B18A621E9858850072B87C /* Release */ = {
			isa = XCBuildConfiguration;
			buildSettings = {
				DEVELOPMENT_TEAM = 42R5XUY266;
				DYLIB_COMPATIBILITY_VERSION = 1;
				DYLIB_CURRENT_VERSION = 1;
				EXECUTABLE_PREFIX = lib;
				PRODUCT_NAME = "$(TARGET_NAME)";
			};
			name = Release;
		};
/* End XCBuildConfiguration section */

/* Begin XCConfigurationList section */
		5709FF552183F34200F3DF17 /* Build configuration list for PBXNativeTarget "grdn2" */ = {
			isa = XCConfigurationList;
			buildConfigurations = (
				5709FF532183F34200F3DF17 /* Debug */,
				5709FF542183F34200F3DF17 /* Release */,
			);
			defaultConfigurationIsVisible = 0;
			defaultConfigurationName = Release;
		};
		D16543F91E945C360078701E /* Build configuration list for PBXProject "grdn" */ = {
			isa = XCConfigurationList;
			buildConfigurations = (
				D16544001E945C360078701E /* Debug */,
				D16544011E945C360078701E /* Release */,
			);
			defaultConfigurationIsVisible = 0;
			defaultConfigurationName = Release;
		};
		D16544021E945C360078701E /* Build configuration list for PBXNativeTarget "grdn" */ = {
			isa = XCConfigurationList;
			buildConfigurations = (
				D16544031E945C360078701E /* Debug */,
				D16544041E945C360078701E /* Release */,
			);
			defaultConfigurationIsVisible = 0;
			defaultConfigurationName = Release;
		};
		D1B18A631E9858850072B87C /* Build configuration list for PBXNativeTarget "grdb_dyn" */ = {
			isa = XCConfigurationList;
			buildConfigurations = (
				D1B18A611E9858850072B87C /* Debug */,
				D1B18A621E9858850072B87C /* Release */,
			);
			defaultConfigurationIsVisible = 0;
			defaultConfigurationName = Release;
		};
/* End XCConfigurationList section */
	};
	rootObject = D16543F61E945C360078701E /* Project object */;
}
